// !$*UTF8*$!
{
	archiveVersion = 1;
	classes = {
	};
	objectVersion = 46;
	objects = {

/* Begin PBXBuildFile section */
		0408A2D51C1B1326004D5BAC /* TimeLine.plist in Resources */ = {isa = PBXBuildFile; fileRef = 0408A2D41C1B1326004D5BAC /* TimeLine.plist */; };
		0454C4F51C1AA94E001EC9F7 /* CoverView.cpp in Sources */ = {isa = PBXBuildFile; fileRef = 0454C4F31C1AA94E001EC9F7 /* CoverView.cpp */; };
		049178E21BDBDBB2004AAF5C /* Section.cpp in Sources */ = {isa = PBXBuildFile; fileRef = 049178E01BDBDBB2004AAF5C /* Section.cpp */; };
		04BA48D01C3A8A220078D849 /* PEShapeCache.cpp in Sources */ = {isa = PBXBuildFile; fileRef = 04BA48CE1C3A8A220078D849 /* PEShapeCache.cpp */; };
		04F24EA79E2FEB16726F1559 /* libcocos2d Mac.a in Frameworks */ = {isa = PBXBuildFile; fileRef = 1D364C16A410D74FA7F2CF54 /* libcocos2d Mac.a */; };
		1D60589F0D05DD5A006BFB54 /* Foundation.framework in Frameworks */ = {isa = PBXBuildFile; fileRef = 1D30AB110D05D00D00671497 /* Foundation.framework */; };
		1DF5F4E00D08C38300B7A737 /* UIKit.framework in Frameworks */ = {isa = PBXBuildFile; fileRef = 1DF5F4DF0D08C38300B7A737 /* UIKit.framework */; };
		288765A50DF7441C002DB57D /* CoreGraphics.framework in Frameworks */ = {isa = PBXBuildFile; fileRef = 288765A40DF7441C002DB57D /* CoreGraphics.framework */; };
		503AE0F817EB97AB00D1A890 /* Icon.icns in Resources */ = {isa = PBXBuildFile; fileRef = 503AE0F617EB97AB00D1A890 /* Icon.icns */; };
		503AE10017EB989F00D1A890 /* AppController.mm in Sources */ = {isa = PBXBuildFile; fileRef = 503AE0FB17EB989F00D1A890 /* AppController.mm */; };
		503AE10117EB989F00D1A890 /* main.m in Sources */ = {isa = PBXBuildFile; fileRef = 503AE0FC17EB989F00D1A890 /* main.m */; };
		503AE10217EB989F00D1A890 /* RootViewController.mm in Sources */ = {isa = PBXBuildFile; fileRef = 503AE0FF17EB989F00D1A890 /* RootViewController.mm */; };
		503AE10517EB98FF00D1A890 /* main.cpp in Sources */ = {isa = PBXBuildFile; fileRef = 503AE10317EB98FF00D1A890 /* main.cpp */; };
		503AE11B17EB9C5A00D1A890 /* IOKit.framework in Frameworks */ = {isa = PBXBuildFile; fileRef = 503AE11A17EB9C5A00D1A890 /* IOKit.framework */; };
		5087E76317EB910900C73F5D /* Foundation.framework in Frameworks */ = {isa = PBXBuildFile; fileRef = 1D30AB110D05D00D00671497 /* Foundation.framework */; };
		5087E76717EB910900C73F5D /* libz.dylib in Frameworks */ = {isa = PBXBuildFile; fileRef = BF170DB412928DE900B8313A /* libz.dylib */; };
		5087E76817EB910900C73F5D /* QuartzCore.framework in Frameworks */ = {isa = PBXBuildFile; fileRef = BF1C47EA1293683800B63C5D /* QuartzCore.framework */; };
		5087E76917EB910900C73F5D /* OpenAL.framework in Frameworks */ = {isa = PBXBuildFile; fileRef = D44C620B132DFF330009C878 /* OpenAL.framework */; };
		5087E76A17EB910900C73F5D /* AVFoundation.framework in Frameworks */ = {isa = PBXBuildFile; fileRef = D44C620D132DFF430009C878 /* AVFoundation.framework */; };
		5087E76B17EB910900C73F5D /* AudioToolbox.framework in Frameworks */ = {isa = PBXBuildFile; fileRef = D44C620F132DFF4E0009C878 /* AudioToolbox.framework */; };
		5087E77D17EB970100C73F5D /* Default-568h@2x.png in Resources */ = {isa = PBXBuildFile; fileRef = 5087E77217EB970100C73F5D /* Default-568h@2x.png */; };
		5087E77E17EB970100C73F5D /* Default.png in Resources */ = {isa = PBXBuildFile; fileRef = 5087E77317EB970100C73F5D /* Default.png */; };
		5087E77F17EB970100C73F5D /* Default@2x.png in Resources */ = {isa = PBXBuildFile; fileRef = 5087E77417EB970100C73F5D /* Default@2x.png */; };
		5087E78017EB970100C73F5D /* Icon-114.png in Resources */ = {isa = PBXBuildFile; fileRef = 5087E77517EB970100C73F5D /* Icon-114.png */; };
		5087E78117EB970100C73F5D /* Icon-120.png in Resources */ = {isa = PBXBuildFile; fileRef = 5087E77617EB970100C73F5D /* Icon-120.png */; };
		5087E78217EB970100C73F5D /* Icon-144.png in Resources */ = {isa = PBXBuildFile; fileRef = 5087E77717EB970100C73F5D /* Icon-144.png */; };
		5087E78317EB970100C73F5D /* Icon-152.png in Resources */ = {isa = PBXBuildFile; fileRef = 5087E77817EB970100C73F5D /* Icon-152.png */; };
		5087E78417EB970100C73F5D /* Icon-57.png in Resources */ = {isa = PBXBuildFile; fileRef = 5087E77917EB970100C73F5D /* Icon-57.png */; };
		5087E78517EB970100C73F5D /* Icon-72.png in Resources */ = {isa = PBXBuildFile; fileRef = 5087E77A17EB970100C73F5D /* Icon-72.png */; };
		5087E78617EB970100C73F5D /* Icon-76.png in Resources */ = {isa = PBXBuildFile; fileRef = 5087E77B17EB970100C73F5D /* Icon-76.png */; };
		5087E78917EB974C00C73F5D /* AppKit.framework in Frameworks */ = {isa = PBXBuildFile; fileRef = 5087E78817EB974C00C73F5D /* AppKit.framework */; };
		5087E78B17EB975400C73F5D /* OpenGL.framework in Frameworks */ = {isa = PBXBuildFile; fileRef = 5087E78A17EB975400C73F5D /* OpenGL.framework */; };
		50EF629617ECD46A001EB2F8 /* Icon-40.png in Resources */ = {isa = PBXBuildFile; fileRef = 50EF629217ECD46A001EB2F8 /* Icon-40.png */; };
		50EF629717ECD46A001EB2F8 /* Icon-58.png in Resources */ = {isa = PBXBuildFile; fileRef = 50EF629317ECD46A001EB2F8 /* Icon-58.png */; };
		50EF629817ECD46A001EB2F8 /* Icon-80.png in Resources */ = {isa = PBXBuildFile; fileRef = 50EF629417ECD46A001EB2F8 /* Icon-80.png */; };
		50EF629917ECD46A001EB2F8 /* Icon-100.png in Resources */ = {isa = PBXBuildFile; fileRef = 50EF629517ECD46A001EB2F8 /* Icon-100.png */; };
		50EF62A217ECD613001EB2F8 /* Icon-29.png in Resources */ = {isa = PBXBuildFile; fileRef = 50EF62A017ECD613001EB2F8 /* Icon-29.png */; };
		50EF62A317ECD613001EB2F8 /* Icon-50.png in Resources */ = {isa = PBXBuildFile; fileRef = 50EF62A117ECD613001EB2F8 /* Icon-50.png */; };
		521A8E6419F0C34300D177D7 /* Default-667h@2x.png in Resources */ = {isa = PBXBuildFile; fileRef = 521A8E6219F0C34300D177D7 /* Default-667h@2x.png */; };
		521A8E6519F0C34300D177D7 /* Default-736h@3x.png in Resources */ = {isa = PBXBuildFile; fileRef = 521A8E6319F0C34300D177D7 /* Default-736h@3x.png */; };
		52B47A471A53D09C004E4C60 /* Security.framework in Frameworks */ = {isa = PBXBuildFile; fileRef = 52B47A461A53D09B004E4C60 /* Security.framework */; };
		686C4C598BE2D33D72717162 /* res in Resources */ = {isa = PBXBuildFile; fileRef = 59034C45B7318DA5E4A7B462 /* res */; };
		8262943E1AAF051F00CB7CF7 /* Security.framework in Frameworks */ = {isa = PBXBuildFile; fileRef = 8262943D1AAF051F00CB7CF7 /* Security.framework */; };
		BF171245129291EC00B8313A /* OpenGLES.framework in Frameworks */ = {isa = PBXBuildFile; fileRef = BF170DB012928DE900B8313A /* OpenGLES.framework */; };
		BF1712471292920000B8313A /* libz.dylib in Frameworks */ = {isa = PBXBuildFile; fileRef = BF170DB412928DE900B8313A /* libz.dylib */; };
		BF1C47F01293687400B63C5D /* QuartzCore.framework in Frameworks */ = {isa = PBXBuildFile; fileRef = BF1C47EA1293683800B63C5D /* QuartzCore.framework */; };
		C1A34EC3B3688816E3878B27 /* libcocos2d iOS.a in Frameworks */ = {isa = PBXBuildFile; fileRef = 89AD4506B527F53C15871621 /* libcocos2d iOS.a */; };
		D44C620C132DFF330009C878 /* OpenAL.framework in Frameworks */ = {isa = PBXBuildFile; fileRef = D44C620B132DFF330009C878 /* OpenAL.framework */; };
		D44C620E132DFF430009C878 /* AVFoundation.framework in Frameworks */ = {isa = PBXBuildFile; fileRef = D44C620D132DFF430009C878 /* AVFoundation.framework */; };
		D44C6210132DFF4E0009C878 /* AudioToolbox.framework in Frameworks */ = {isa = PBXBuildFile; fileRef = D44C620F132DFF4E0009C878 /* AudioToolbox.framework */; };
		D6B0611B1803AB670077942B /* CoreMotion.framework in Frameworks */ = {isa = PBXBuildFile; fileRef = D6B0611A1803AB670077942B /* CoreMotion.framework */; };
		E301E4DF1C1AA5D00094884D /* gameLoad.cpp in Sources */ = {isa = PBXBuildFile; fileRef = E301E4DD1C1AA5D00094884D /* gameLoad.cpp */; };
		E30AC89E1BD5AADB005B8686 /* Constant_Use.cpp in Sources */ = {isa = PBXBuildFile; fileRef = E30AC89C1BD5AADB005B8686 /* Constant_Use.cpp */; };
		E30AC8A81BD835AD005B8686 /* MyScene.cpp in Sources */ = {isa = PBXBuildFile; fileRef = E30AC8A61BD835AD005B8686 /* MyScene.cpp */; };
		E30AC8AC1BD92CDF005B8686 /* Sprite_protagonist.cpp in Sources */ = {isa = PBXBuildFile; fileRef = E30AC8AA1BD92CDF005B8686 /* Sprite_protagonist.cpp */; };
		E30AC8AF1BD92F8A005B8686 /* Sprite_mouse.cpp in Sources */ = {isa = PBXBuildFile; fileRef = E30AC8AD1BD92F8A005B8686 /* Sprite_mouse.cpp */; };
		E30AC8B21BD930FE005B8686 /* Sprite_jailer.cpp in Sources */ = {isa = PBXBuildFile; fileRef = E30AC8B01BD930FE005B8686 /* Sprite_jailer.cpp */; };
		E30AC8B51BD93281005B8686 /* Sprite_coin.cpp in Sources */ = {isa = PBXBuildFile; fileRef = E30AC8B31BD93281005B8686 /* Sprite_coin.cpp */; };
		E30AC8B81BD9329B005B8686 /* Sprite_wall.cpp in Sources */ = {isa = PBXBuildFile; fileRef = E30AC8B61BD9329B005B8686 /* Sprite_wall.cpp */; };
		E30AC8BB1BD984AC005B8686 /* moveListener.cpp in Sources */ = {isa = PBXBuildFile; fileRef = E30AC8B91BD984AB005B8686 /* moveListener.cpp */; };
		E30AC8BE1BD98B94005B8686 /* ContactManager.cpp in Sources */ = {isa = PBXBuildFile; fileRef = E30AC8BC1BD98B94005B8686 /* ContactManager.cpp */; };
		E30E77811BCAD7DE0053F4B1 /* CacheData.cpp in Sources */ = {isa = PBXBuildFile; fileRef = E30E777F1BCAD7DE0053F4B1 /* CacheData.cpp */; };
		E312DDA81C4875BC0062A35A /* protagonistListener.cpp in Sources */ = {isa = PBXBuildFile; fileRef = E312DDA61C4875BC0062A35A /* protagonistListener.cpp */; };
		E3463CCA1C1D148A003057AA /* SchedulerManager.cpp in Sources */ = {isa = PBXBuildFile; fileRef = E3463CC81C1D148A003057AA /* SchedulerManager.cpp */; };
		E347D4251C1C0AE4009ECC95 /* TimeLinePo.swift in Sources */ = {isa = PBXBuildFile; fileRef = E347D4241C1C0AE4009ECC95 /* TimeLinePo.swift */; };
		E347D4281C1C45E2009ECC95 /* TimeLineVo.cpp in Sources */ = {isa = PBXBuildFile; fileRef = E347D4261C1C45E2009ECC95 /* TimeLineVo.cpp */; };
		E347EA9A1C19EA8A0096BC5E /* SelectScene_Detail.cpp in Sources */ = {isa = PBXBuildFile; fileRef = E347EA981C19EA8A0096BC5E /* SelectScene_Detail.cpp */; };
		E348B54C1C64823F004200F8 /* pauseScene.cpp in Sources */ = {isa = PBXBuildFile; fileRef = E348B54A1C64823F004200F8 /* pauseScene.cpp */; };
		E349DB0F1C4C67DA00DF7E66 /* JailerListener.cpp in Sources */ = {isa = PBXBuildFile; fileRef = E349DB0D1C4C67DA00DF7E66 /* JailerListener.cpp */; };
		E349DB121C4C731000DF7E66 /* WallListener.cpp in Sources */ = {isa = PBXBuildFile; fileRef = E349DB101C4C731000DF7E66 /* WallListener.cpp */; };
		E34E6FBD1CB80A5E0026E129 /* MenuManager.cpp in Sources */ = {isa = PBXBuildFile; fileRef = E34E6FBB1CB80A5E0026E129 /* MenuManager.cpp */; };
		E35AFADF1CB644A100D2BCE4 /* Constant_Game.cpp in Sources */ = {isa = PBXBuildFile; fileRef = E35AFADD1CB644A100D2BCE4 /* Constant_Game.cpp */; };
		E369982E1C0C24AA007BB3C8 /* LockofSelect.cpp in Sources */ = {isa = PBXBuildFile; fileRef = E369982C1C0C24AA007BB3C8 /* LockofSelect.cpp */; };
		E3910A221C27AEA6008F65A6 /* Special_Section.cpp in Sources */ = {isa = PBXBuildFile; fileRef = E3910A201C27AEA6008F65A6 /* Special_Section.cpp */; };
		E3CB5E761BC9753A005123B8 /* Constant.cpp in Sources */ = {isa = PBXBuildFile; fileRef = E3CB5E4A1BC9753A005123B8 /* Constant.cpp */; };
		E3CB5E771BC9753A005123B8 /* Data_FigureInfo.swift in Sources */ = {isa = PBXBuildFile; fileRef = E3CB5E4B1BC9753A005123B8 /* Data_FigureInfo.swift */; };
		E3CB5E781BC9753A005123B8 /* GameCommonScene.cpp in Sources */ = {isa = PBXBuildFile; fileRef = E3CB5E4C1BC9753A005123B8 /* GameCommonScene.cpp */; };
		E3CB5E791BC9753A005123B8 /* StartScene.cpp in Sources */ = {isa = PBXBuildFile; fileRef = E3CB5E4E1BC9753A005123B8 /* StartScene.cpp */; };
		E3CB5E7A1BC9753A005123B8 /* initDocuments.swift in Sources */ = {isa = PBXBuildFile; fileRef = E3CB5E4F1BC9753A005123B8 /* initDocuments.swift */; };
		E3CB5E7B1BC9753A005123B8 /* OC_callSystemInfo.mm in Sources */ = {isa = PBXBuildFile; fileRef = E3CB5E501BC9753A005123B8 /* OC_callSystemInfo.mm */; };
		E3CB5E7C1BC9753A005123B8 /* ShopScene.cpp in Sources */ = {isa = PBXBuildFile; fileRef = E3CB5E511BC9753A005123B8 /* ShopScene.cpp */; };
		E3CB5E7D1BC9753A005123B8 /* AppDelegate.cpp in Sources */ = {isa = PBXBuildFile; fileRef = E3CB5E531BC9753A005123B8 /* AppDelegate.cpp */; };
		E3CB5E7F1BC9753A005123B8 /* Data_GameInfo.swift in Sources */ = {isa = PBXBuildFile; fileRef = E3CB5E581BC9753A005123B8 /* Data_GameInfo.swift */; };
		E3CB5E801BC9753A005123B8 /* Data_SystemInfo.swift in Sources */ = {isa = PBXBuildFile; fileRef = E3CB5E591BC9753A005123B8 /* Data_SystemInfo.swift */; };
		E3CB5E821BC9753A005123B8 /* FigurePo.swift in Sources */ = {isa = PBXBuildFile; fileRef = E3CB5E5C1BC9753A005123B8 /* FigurePo.swift */; };
		E3CB5E831BC9753A005123B8 /* FigureVo.cpp in Sources */ = {isa = PBXBuildFile; fileRef = E3CB5E5D1BC9753A005123B8 /* FigureVo.cpp */; };
		E3CB5E861BC9753A005123B8 /* GamePo.swift in Sources */ = {isa = PBXBuildFile; fileRef = E3CB5E631BC9753A005123B8 /* GamePo.swift */; };
		E3CB5E871BC9753A005123B8 /* GameVo.cpp in Sources */ = {isa = PBXBuildFile; fileRef = E3CB5E641BC9753A005123B8 /* GameVo.cpp */; };
		E3CB5E891BC9753A005123B8 /* OC_callFigureInfo.mm in Sources */ = {isa = PBXBuildFile; fileRef = E3CB5E681BC9753A005123B8 /* OC_callFigureInfo.mm */; };
		E3CB5E8A1BC9753A005123B8 /* OC_callGameInfo.mm in Sources */ = {isa = PBXBuildFile; fileRef = E3CB5E6A1BC9753A005123B8 /* OC_callGameInfo.mm */; };
		E3CB5E8B1BC9753A005123B8 /* SelectScene_ALL.cpp in Sources */ = {isa = PBXBuildFile; fileRef = E3CB5E6E1BC9753A005123B8 /* SelectScene_ALL.cpp */; };
		E3CB5E8C1BC9753A005123B8 /* aboutScene.cpp in Sources */ = {isa = PBXBuildFile; fileRef = E3CB5E701BC9753A005123B8 /* aboutScene.cpp */; };
		E3CB5E8D1BC9753A005123B8 /* SystemPo.swift in Sources */ = {isa = PBXBuildFile; fileRef = E3CB5E731BC9753A005123B8 /* SystemPo.swift */; };
		E3CB5E8E1BC9753A005123B8 /* SystemVo.cpp in Sources */ = {isa = PBXBuildFile; fileRef = E3CB5E741BC9753A005123B8 /* SystemVo.cpp */; };
		E3CB5EB51BC97B39005123B8 /* FigureInfo.plist in Resources */ = {isa = PBXBuildFile; fileRef = E3CB5EA61BC97B39005123B8 /* FigureInfo.plist */; };
		E3CB5EB61BC97B39005123B8 /* 00.jpg in Resources */ = {isa = PBXBuildFile; fileRef = E3CB5EA71BC97B39005123B8 /* 00.jpg */; };
		E3CB5EB71BC97B39005123B8 /* 01.jpg in Resources */ = {isa = PBXBuildFile; fileRef = E3CB5EA81BC97B39005123B8 /* 01.jpg */; };
		E3CB5EB81BC97B39005123B8 /* 02.jpg in Resources */ = {isa = PBXBuildFile; fileRef = E3CB5EA91BC97B39005123B8 /* 02.jpg */; };
		E3CB5EB91BC97B39005123B8 /* 03.jpg in Resources */ = {isa = PBXBuildFile; fileRef = E3CB5EAA1BC97B39005123B8 /* 03.jpg */; };
		E3CB5EBA1BC97B39005123B8 /* 04.jpg in Resources */ = {isa = PBXBuildFile; fileRef = E3CB5EAB1BC97B39005123B8 /* 04.jpg */; };
		E3CB5EBB1BC97B39005123B8 /* 05.jpg in Resources */ = {isa = PBXBuildFile; fileRef = E3CB5EAC1BC97B39005123B8 /* 05.jpg */; };
		E3CB5EBC1BC97B39005123B8 /* 06.jpg in Resources */ = {isa = PBXBuildFile; fileRef = E3CB5EAD1BC97B39005123B8 /* 06.jpg */; };
		E3CB5EBD1BC97B39005123B8 /* 07.jpg in Resources */ = {isa = PBXBuildFile; fileRef = E3CB5EAE1BC97B39005123B8 /* 07.jpg */; };
		E3CB5EBE1BC97B39005123B8 /* CloseNormal.png in Resources */ = {isa = PBXBuildFile; fileRef = E3CB5EAF1BC97B39005123B8 /* CloseNormal.png */; };
		E3CB5EBF1BC97B39005123B8 /* CloseSelected.png in Resources */ = {isa = PBXBuildFile; fileRef = E3CB5EB01BC97B39005123B8 /* CloseSelected.png */; };
		E3CB5EC01BC97B39005123B8 /* fonts in Resources */ = {isa = PBXBuildFile; fileRef = E3CB5EB11BC97B39005123B8 /* fonts */; };
		E3CB5EC11BC97B39005123B8 /* GameInfo.plist in Resources */ = {isa = PBXBuildFile; fileRef = E3CB5EB21BC97B39005123B8 /* GameInfo.plist */; };
		E3CB5EC31BC97B39005123B8 /* SystemInfo.plist in Resources */ = {isa = PBXBuildFile; fileRef = E3CB5EB41BC97B39005123B8 /* SystemInfo.plist */; };
		E3CB5ECD1BC97DE4005123B8 /* HelloWorld.png in Resources */ = {isa = PBXBuildFile; fileRef = E3CB5ECC1BC97DE4005123B8 /* HelloWorld.png */; };
		ECCA4FDDA67B1D94F5543B74 /* res in Resources */ = {isa = PBXBuildFile; fileRef = 59034C45B7318DA5E4A7B462 /* res */; };
		ED545A7C1B68A1F400C3958E /* libiconv.dylib in Frameworks */ = {isa = PBXBuildFile; fileRef = ED545A7B1B68A1F400C3958E /* libiconv.dylib */; };
		ED545A7E1B68A1FA00C3958E /* libiconv.dylib in Frameworks */ = {isa = PBXBuildFile; fileRef = ED545A7D1B68A1FA00C3958E /* libiconv.dylib */; };
/* End PBXBuildFile section */

/* Begin PBXFileReference section */
		0408A2D41C1B1326004D5BAC /* TimeLine.plist */ = {isa = PBXFileReference; fileEncoding = 4; lastKnownFileType = text.plist.xml; path = TimeLine.plist; sourceTree = "<group>"; };
		0454C4F31C1AA94E001EC9F7 /* CoverView.cpp */ = {isa = PBXFileReference; fileEncoding = 4; lastKnownFileType = sourcecode.cpp.cpp; path = CoverView.cpp; sourceTree = "<group>"; };
		0454C4F41C1AA94E001EC9F7 /* CoverView.h */ = {isa = PBXFileReference; fileEncoding = 4; lastKnownFileType = sourcecode.c.h; path = CoverView.h; sourceTree = "<group>"; };
		049178E01BDBDBB2004AAF5C /* Section.cpp */ = {isa = PBXFileReference; fileEncoding = 4; lastKnownFileType = sourcecode.cpp.cpp; name = Section.cpp; path = ../Classes/Section.cpp; sourceTree = "<group>"; };
		049178E11BDBDBB2004AAF5C /* Section.h */ = {isa = PBXFileReference; fileEncoding = 4; lastKnownFileType = sourcecode.c.h; name = Section.h; path = ../Classes/Section.h; sourceTree = "<group>"; };
		04BA48CE1C3A8A220078D849 /* PEShapeCache.cpp */ = {isa = PBXFileReference; fileEncoding = 4; lastKnownFileType = sourcecode.cpp.cpp; path = PEShapeCache.cpp; sourceTree = "<group>"; };
		04BA48CF1C3A8A220078D849 /* PEShapeCache.h */ = {isa = PBXFileReference; fileEncoding = 4; lastKnownFileType = sourcecode.c.h; path = PEShapeCache.h; sourceTree = "<group>"; };
		1ACB3243164770DE00914215 /* libcurl.a */ = {isa = PBXFileReference; lastKnownFileType = archive.ar; name = libcurl.a; path = ../../cocos2dx/platform/third_party/ios/libraries/libcurl.a; sourceTree = "<group>"; };
		1D30AB110D05D00D00671497 /* Foundation.framework */ = {isa = PBXFileReference; lastKnownFileType = wrapper.framework; name = Foundation.framework; path = System/Library/Frameworks/Foundation.framework; sourceTree = SDKROOT; };
		1D364C16A410D74FA7F2CF54 /* libcocos2d Mac.a */ = {isa = PBXFileReference; lastKnownFileType = archive.ar; name = "libcocos2d Mac.a"; path = "/Applications/Cocos/frameworks/cocos2d-x-3.8/prebuilt/mac/libcocos2d Mac.a"; sourceTree = "<absolute>"; };
		1D6058910D05DD3D006BFB54 /* PrisonBreak_mobile.app */ = {isa = PBXFileReference; explicitFileType = wrapper.application; includeInIndex = 0; path = PrisonBreak_mobile.app; sourceTree = BUILT_PRODUCTS_DIR; };
		1DF5F4DF0D08C38300B7A737 /* UIKit.framework */ = {isa = PBXFileReference; lastKnownFileType = wrapper.framework; name = UIKit.framework; path = System/Library/Frameworks/UIKit.framework; sourceTree = SDKROOT; };
		288765A40DF7441C002DB57D /* CoreGraphics.framework */ = {isa = PBXFileReference; lastKnownFileType = wrapper.framework; name = CoreGraphics.framework; path = System/Library/Frameworks/CoreGraphics.framework; sourceTree = SDKROOT; };
		503AE0F617EB97AB00D1A890 /* Icon.icns */ = {isa = PBXFileReference; lastKnownFileType = image.icns; path = Icon.icns; sourceTree = "<group>"; };
		503AE0F717EB97AB00D1A890 /* Info.plist */ = {isa = PBXFileReference; fileEncoding = 4; lastKnownFileType = text.plist.xml; path = Info.plist; sourceTree = "<group>"; };
		503AE0FA17EB989F00D1A890 /* AppController.h */ = {isa = PBXFileReference; fileEncoding = 4; lastKnownFileType = sourcecode.c.h; name = AppController.h; path = ios/AppController.h; sourceTree = SOURCE_ROOT; };
		503AE0FB17EB989F00D1A890 /* AppController.mm */ = {isa = PBXFileReference; fileEncoding = 4; lastKnownFileType = sourcecode.cpp.objcpp; name = AppController.mm; path = ios/AppController.mm; sourceTree = SOURCE_ROOT; };
		503AE0FC17EB989F00D1A890 /* main.m */ = {isa = PBXFileReference; fileEncoding = 4; lastKnownFileType = sourcecode.c.objc; name = main.m; path = ios/main.m; sourceTree = SOURCE_ROOT; };
		503AE0FD17EB989F00D1A890 /* Prefix.pch */ = {isa = PBXFileReference; fileEncoding = 4; lastKnownFileType = sourcecode.c.h; name = Prefix.pch; path = ios/Prefix.pch; sourceTree = SOURCE_ROOT; };
		503AE0FE17EB989F00D1A890 /* RootViewController.h */ = {isa = PBXFileReference; fileEncoding = 4; lastKnownFileType = sourcecode.c.h; name = RootViewController.h; path = ios/RootViewController.h; sourceTree = SOURCE_ROOT; };
		503AE0FF17EB989F00D1A890 /* RootViewController.mm */ = {isa = PBXFileReference; fileEncoding = 4; lastKnownFileType = sourcecode.cpp.objcpp; name = RootViewController.mm; path = ios/RootViewController.mm; sourceTree = SOURCE_ROOT; };
		503AE10317EB98FF00D1A890 /* main.cpp */ = {isa = PBXFileReference; fileEncoding = 4; lastKnownFileType = sourcecode.cpp.cpp; name = main.cpp; path = mac/main.cpp; sourceTree = "<group>"; };
		503AE10417EB98FF00D1A890 /* Prefix.pch */ = {isa = PBXFileReference; fileEncoding = 4; lastKnownFileType = sourcecode.c.h; name = Prefix.pch; path = mac/Prefix.pch; sourceTree = "<group>"; };
		503AE11117EB99EE00D1A890 /* libcurl.dylib */ = {isa = PBXFileReference; lastKnownFileType = "compiled.mach-o.dylib"; name = libcurl.dylib; path = usr/lib/libcurl.dylib; sourceTree = SDKROOT; };
		503AE11A17EB9C5A00D1A890 /* IOKit.framework */ = {isa = PBXFileReference; lastKnownFileType = wrapper.framework; name = IOKit.framework; path = System/Library/Frameworks/IOKit.framework; sourceTree = SDKROOT; };
		5087E76F17EB910900C73F5D /* PrisonBreak_v1.1-desktop.app */ = {isa = PBXFileReference; explicitFileType = wrapper.application; includeInIndex = 0; path = "PrisonBreak_v1.1-desktop.app"; sourceTree = BUILT_PRODUCTS_DIR; };
		5087E77217EB970100C73F5D /* Default-568h@2x.png */ = {isa = PBXFileReference; lastKnownFileType = image.png; path = "Default-568h@2x.png"; sourceTree = "<group>"; };
		5087E77317EB970100C73F5D /* Default.png */ = {isa = PBXFileReference; lastKnownFileType = image.png; path = Default.png; sourceTree = "<group>"; };
		5087E77417EB970100C73F5D /* Default@2x.png */ = {isa = PBXFileReference; lastKnownFileType = image.png; path = "Default@2x.png"; sourceTree = "<group>"; };
		5087E77517EB970100C73F5D /* Icon-114.png */ = {isa = PBXFileReference; lastKnownFileType = image.png; path = "Icon-114.png"; sourceTree = "<group>"; };
		5087E77617EB970100C73F5D /* Icon-120.png */ = {isa = PBXFileReference; lastKnownFileType = image.png; path = "Icon-120.png"; sourceTree = "<group>"; };
		5087E77717EB970100C73F5D /* Icon-144.png */ = {isa = PBXFileReference; lastKnownFileType = image.png; path = "Icon-144.png"; sourceTree = "<group>"; };
		5087E77817EB970100C73F5D /* Icon-152.png */ = {isa = PBXFileReference; lastKnownFileType = image.png; path = "Icon-152.png"; sourceTree = "<group>"; };
		5087E77917EB970100C73F5D /* Icon-57.png */ = {isa = PBXFileReference; lastKnownFileType = image.png; path = "Icon-57.png"; sourceTree = "<group>"; };
		5087E77A17EB970100C73F5D /* Icon-72.png */ = {isa = PBXFileReference; lastKnownFileType = image.png; path = "Icon-72.png"; sourceTree = "<group>"; };
		5087E77B17EB970100C73F5D /* Icon-76.png */ = {isa = PBXFileReference; lastKnownFileType = image.png; path = "Icon-76.png"; sourceTree = "<group>"; };
		5087E77C17EB970100C73F5D /* Info.plist */ = {isa = PBXFileReference; fileEncoding = 4; lastKnownFileType = text.plist.xml; path = Info.plist; sourceTree = "<group>"; };
		5087E78817EB974C00C73F5D /* AppKit.framework */ = {isa = PBXFileReference; lastKnownFileType = wrapper.framework; name = AppKit.framework; path = System/Library/Frameworks/AppKit.framework; sourceTree = SDKROOT; };
		5087E78A17EB975400C73F5D /* OpenGL.framework */ = {isa = PBXFileReference; lastKnownFileType = wrapper.framework; name = OpenGL.framework; path = System/Library/Frameworks/OpenGL.framework; sourceTree = SDKROOT; };
		50EF629217ECD46A001EB2F8 /* Icon-40.png */ = {isa = PBXFileReference; lastKnownFileType = image.png; path = "Icon-40.png"; sourceTree = "<group>"; };
		50EF629317ECD46A001EB2F8 /* Icon-58.png */ = {isa = PBXFileReference; lastKnownFileType = image.png; path = "Icon-58.png"; sourceTree = "<group>"; };
		50EF629417ECD46A001EB2F8 /* Icon-80.png */ = {isa = PBXFileReference; lastKnownFileType = image.png; path = "Icon-80.png"; sourceTree = "<group>"; };
		50EF629517ECD46A001EB2F8 /* Icon-100.png */ = {isa = PBXFileReference; lastKnownFileType = image.png; path = "Icon-100.png"; sourceTree = "<group>"; };
		50EF62A017ECD613001EB2F8 /* Icon-29.png */ = {isa = PBXFileReference; lastKnownFileType = image.png; path = "Icon-29.png"; sourceTree = "<group>"; };
		50EF62A117ECD613001EB2F8 /* Icon-50.png */ = {isa = PBXFileReference; lastKnownFileType = image.png; path = "Icon-50.png"; sourceTree = "<group>"; };
		521A8E6219F0C34300D177D7 /* Default-667h@2x.png */ = {isa = PBXFileReference; lastKnownFileType = image.png; path = "Default-667h@2x.png"; sourceTree = "<group>"; };
		521A8E6319F0C34300D177D7 /* Default-736h@3x.png */ = {isa = PBXFileReference; lastKnownFileType = image.png; path = "Default-736h@3x.png"; sourceTree = "<group>"; };
		52B47A461A53D09B004E4C60 /* Security.framework */ = {isa = PBXFileReference; lastKnownFileType = wrapper.framework; name = Security.framework; path = Platforms/iPhoneOS.platform/Developer/SDKs/iPhoneOS8.1.sdk/System/Library/Frameworks/Security.framework; sourceTree = DEVELOPER_DIR; };
		59034C45B7318DA5E4A7B462 /* res */ = {isa = PBXFileReference; lastKnownFileType = "?"; name = res; path = ../Resources/res; sourceTree = "<group>"; };
		8262943D1AAF051F00CB7CF7 /* Security.framework */ = {isa = PBXFileReference; lastKnownFileType = wrapper.framework; name = Security.framework; path = System/Library/Frameworks/Security.framework; sourceTree = SDKROOT; };
		89AD4506B527F53C15871621 /* libcocos2d iOS.a */ = {isa = PBXFileReference; lastKnownFileType = archive.ar; name = "libcocos2d iOS.a"; path = "/Applications/Cocos/frameworks/cocos2d-x-3.8/prebuilt/ios/libcocos2d iOS.a"; sourceTree = "<absolute>"; };
		BF170DB012928DE900B8313A /* OpenGLES.framework */ = {isa = PBXFileReference; lastKnownFileType = wrapper.framework; name = OpenGLES.framework; path = System/Library/Frameworks/OpenGLES.framework; sourceTree = SDKROOT; };
		BF170DB412928DE900B8313A /* libz.dylib */ = {isa = PBXFileReference; lastKnownFileType = "compiled.mach-o.dylib"; name = libz.dylib; path = usr/lib/libz.dylib; sourceTree = SDKROOT; };
		BF1C47EA1293683800B63C5D /* QuartzCore.framework */ = {isa = PBXFileReference; lastKnownFileType = wrapper.framework; name = QuartzCore.framework; path = System/Library/Frameworks/QuartzCore.framework; sourceTree = SDKROOT; };
		D44C620B132DFF330009C878 /* OpenAL.framework */ = {isa = PBXFileReference; lastKnownFileType = wrapper.framework; name = OpenAL.framework; path = System/Library/Frameworks/OpenAL.framework; sourceTree = SDKROOT; };
		D44C620D132DFF430009C878 /* AVFoundation.framework */ = {isa = PBXFileReference; lastKnownFileType = wrapper.framework; name = AVFoundation.framework; path = System/Library/Frameworks/AVFoundation.framework; sourceTree = SDKROOT; };
		D44C620F132DFF4E0009C878 /* AudioToolbox.framework */ = {isa = PBXFileReference; lastKnownFileType = wrapper.framework; name = AudioToolbox.framework; path = System/Library/Frameworks/AudioToolbox.framework; sourceTree = SDKROOT; };
		D6B0611A1803AB670077942B /* CoreMotion.framework */ = {isa = PBXFileReference; lastKnownFileType = wrapper.framework; name = CoreMotion.framework; path = Platforms/iPhoneOS.platform/Developer/SDKs/iPhoneOS7.0.sdk/System/Library/Frameworks/CoreMotion.framework; sourceTree = DEVELOPER_DIR; };
		E301E4DD1C1AA5D00094884D /* gameLoad.cpp */ = {isa = PBXFileReference; fileEncoding = 4; lastKnownFileType = sourcecode.cpp.cpp; path = gameLoad.cpp; sourceTree = "<group>"; };
		E301E4DE1C1AA5D00094884D /* gameLoad.h */ = {isa = PBXFileReference; fileEncoding = 4; lastKnownFileType = sourcecode.c.h; path = gameLoad.h; sourceTree = "<group>"; };
		E30AC89C1BD5AADB005B8686 /* Constant_Use.cpp */ = {isa = PBXFileReference; fileEncoding = 4; lastKnownFileType = sourcecode.cpp.cpp; path = Constant_Use.cpp; sourceTree = "<group>"; };
		E30AC89D1BD5AADB005B8686 /* Constant_Use.h */ = {isa = PBXFileReference; fileEncoding = 4; lastKnownFileType = sourcecode.c.h; path = Constant_Use.h; sourceTree = "<group>"; };
		E30AC8A61BD835AD005B8686 /* MyScene.cpp */ = {isa = PBXFileReference; fileEncoding = 4; lastKnownFileType = sourcecode.cpp.cpp; name = MyScene.cpp; path = ../Classes/MyScene.cpp; sourceTree = "<group>"; };
		E30AC8A71BD835AD005B8686 /* MyScene.h */ = {isa = PBXFileReference; fileEncoding = 4; lastKnownFileType = sourcecode.c.h; name = MyScene.h; path = ../Classes/MyScene.h; sourceTree = "<group>"; };
		E30AC8AA1BD92CDF005B8686 /* Sprite_protagonist.cpp */ = {isa = PBXFileReference; fileEncoding = 4; lastKnownFileType = sourcecode.cpp.cpp; name = Sprite_protagonist.cpp; path = ../Classes/Sprite_protagonist.cpp; sourceTree = "<group>"; };
		E30AC8AB1BD92CDF005B8686 /* Sprite_protagonist.h */ = {isa = PBXFileReference; fileEncoding = 4; lastKnownFileType = sourcecode.c.h; name = Sprite_protagonist.h; path = ../Classes/Sprite_protagonist.h; sourceTree = "<group>"; };
		E30AC8AD1BD92F8A005B8686 /* Sprite_mouse.cpp */ = {isa = PBXFileReference; fileEncoding = 4; lastKnownFileType = sourcecode.cpp.cpp; name = Sprite_mouse.cpp; path = ../Classes/Sprite_mouse.cpp; sourceTree = "<group>"; };
		E30AC8AE1BD92F8A005B8686 /* Sprite_mouse.h */ = {isa = PBXFileReference; fileEncoding = 4; lastKnownFileType = sourcecode.c.h; name = Sprite_mouse.h; path = ../Classes/Sprite_mouse.h; sourceTree = "<group>"; };
		E30AC8B01BD930FE005B8686 /* Sprite_jailer.cpp */ = {isa = PBXFileReference; fileEncoding = 4; lastKnownFileType = sourcecode.cpp.cpp; name = Sprite_jailer.cpp; path = ../Classes/Sprite_jailer.cpp; sourceTree = "<group>"; };
		E30AC8B11BD930FE005B8686 /* Sprite_jailer.h */ = {isa = PBXFileReference; fileEncoding = 4; lastKnownFileType = sourcecode.c.h; name = Sprite_jailer.h; path = ../Classes/Sprite_jailer.h; sourceTree = "<group>"; };
		E30AC8B31BD93281005B8686 /* Sprite_coin.cpp */ = {isa = PBXFileReference; fileEncoding = 4; lastKnownFileType = sourcecode.cpp.cpp; name = Sprite_coin.cpp; path = ../Classes/Sprite_coin.cpp; sourceTree = "<group>"; };
		E30AC8B41BD93281005B8686 /* Sprite_coin.h */ = {isa = PBXFileReference; fileEncoding = 4; lastKnownFileType = sourcecode.c.h; name = Sprite_coin.h; path = ../Classes/Sprite_coin.h; sourceTree = "<group>"; };
		E30AC8B61BD9329B005B8686 /* Sprite_wall.cpp */ = {isa = PBXFileReference; fileEncoding = 4; lastKnownFileType = sourcecode.cpp.cpp; name = Sprite_wall.cpp; path = ../Classes/Sprite_wall.cpp; sourceTree = "<group>"; };
		E30AC8B71BD9329B005B8686 /* Sprite_wall.h */ = {isa = PBXFileReference; fileEncoding = 4; lastKnownFileType = sourcecode.c.h; name = Sprite_wall.h; path = ../Classes/Sprite_wall.h; sourceTree = "<group>"; };
		E30AC8B91BD984AB005B8686 /* moveListener.cpp */ = {isa = PBXFileReference; fileEncoding = 4; lastKnownFileType = sourcecode.cpp.cpp; path = moveListener.cpp; sourceTree = "<group>"; };
		E30AC8BA1BD984AC005B8686 /* moveListener.h */ = {isa = PBXFileReference; fileEncoding = 4; lastKnownFileType = sourcecode.c.h; path = moveListener.h; sourceTree = "<group>"; };
		E30AC8BC1BD98B94005B8686 /* ContactManager.cpp */ = {isa = PBXFileReference; fileEncoding = 4; lastKnownFileType = sourcecode.cpp.cpp; path = ContactManager.cpp; sourceTree = "<group>"; };
		E30AC8BD1BD98B94005B8686 /* ContactManager.h */ = {isa = PBXFileReference; fileEncoding = 4; lastKnownFileType = sourcecode.c.h; path = ContactManager.h; sourceTree = "<group>"; };
		E30E777F1BCAD7DE0053F4B1 /* CacheData.cpp */ = {isa = PBXFileReference; fileEncoding = 4; lastKnownFileType = sourcecode.cpp.cpp; path = CacheData.cpp; sourceTree = "<group>"; };
		E30E77801BCAD7DE0053F4B1 /* CacheData.h */ = {isa = PBXFileReference; fileEncoding = 4; lastKnownFileType = sourcecode.c.h; path = CacheData.h; sourceTree = "<group>"; };
		E312DDA61C4875BC0062A35A /* protagonistListener.cpp */ = {isa = PBXFileReference; fileEncoding = 4; lastKnownFileType = sourcecode.cpp.cpp; path = protagonistListener.cpp; sourceTree = "<group>"; };
		E312DDA71C4875BC0062A35A /* protagonistListener.h */ = {isa = PBXFileReference; fileEncoding = 4; lastKnownFileType = sourcecode.c.h; path = protagonistListener.h; sourceTree = "<group>"; };
		E3463CC81C1D148A003057AA /* SchedulerManager.cpp */ = {isa = PBXFileReference; fileEncoding = 4; lastKnownFileType = sourcecode.cpp.cpp; path = SchedulerManager.cpp; sourceTree = "<group>"; };
		E3463CC91C1D148A003057AA /* SchedulerManager.h */ = {isa = PBXFileReference; fileEncoding = 4; lastKnownFileType = sourcecode.c.h; path = SchedulerManager.h; sourceTree = "<group>"; };
		E347D4241C1C0AE4009ECC95 /* TimeLinePo.swift */ = {isa = PBXFileReference; fileEncoding = 4; lastKnownFileType = sourcecode.swift; path = TimeLinePo.swift; sourceTree = "<group>"; };
		E347D4261C1C45E2009ECC95 /* TimeLineVo.cpp */ = {isa = PBXFileReference; fileEncoding = 4; lastKnownFileType = sourcecode.cpp.cpp; path = TimeLineVo.cpp; sourceTree = "<group>"; };
		E347D4271C1C45E2009ECC95 /* TimeLineVo.h */ = {isa = PBXFileReference; fileEncoding = 4; lastKnownFileType = sourcecode.c.h; path = TimeLineVo.h; sourceTree = "<group>"; };
		E347EA981C19EA8A0096BC5E /* SelectScene_Detail.cpp */ = {isa = PBXFileReference; fileEncoding = 4; lastKnownFileType = sourcecode.cpp.cpp; path = SelectScene_Detail.cpp; sourceTree = "<group>"; };
		E347EA991C19EA8A0096BC5E /* SelectScene_Detail.h */ = {isa = PBXFileReference; fileEncoding = 4; lastKnownFileType = sourcecode.c.h; path = SelectScene_Detail.h; sourceTree = "<group>"; };
		E348B54A1C64823F004200F8 /* pauseScene.cpp */ = {isa = PBXFileReference; fileEncoding = 4; lastKnownFileType = sourcecode.cpp.cpp; name = pauseScene.cpp; path = ../Classes/pauseScene.cpp; sourceTree = "<group>"; };
		E348B54B1C64823F004200F8 /* pauseScene.h */ = {isa = PBXFileReference; fileEncoding = 4; lastKnownFileType = sourcecode.c.h; name = pauseScene.h; path = ../Classes/pauseScene.h; sourceTree = "<group>"; };
		E349DB0D1C4C67DA00DF7E66 /* JailerListener.cpp */ = {isa = PBXFileReference; fileEncoding = 4; lastKnownFileType = sourcecode.cpp.cpp; path = JailerListener.cpp; sourceTree = "<group>"; };
		E349DB0E1C4C67DA00DF7E66 /* JailerListener.h */ = {isa = PBXFileReference; fileEncoding = 4; lastKnownFileType = sourcecode.c.h; path = JailerListener.h; sourceTree = "<group>"; };
		E349DB101C4C731000DF7E66 /* WallListener.cpp */ = {isa = PBXFileReference; fileEncoding = 4; lastKnownFileType = sourcecode.cpp.cpp; path = WallListener.cpp; sourceTree = "<group>"; };
		E349DB111C4C731000DF7E66 /* WallListener.h */ = {isa = PBXFileReference; fileEncoding = 4; lastKnownFileType = sourcecode.c.h; path = WallListener.h; sourceTree = "<group>"; };
		E34E6FBB1CB80A5E0026E129 /* MenuManager.cpp */ = {isa = PBXFileReference; fileEncoding = 4; lastKnownFileType = sourcecode.cpp.cpp; path = MenuManager.cpp; sourceTree = "<group>"; };
		E34E6FBC1CB80A5E0026E129 /* MenuManager.h */ = {isa = PBXFileReference; fileEncoding = 4; lastKnownFileType = sourcecode.c.h; path = MenuManager.h; sourceTree = "<group>"; };
		E35AFADD1CB644A100D2BCE4 /* Constant_Game.cpp */ = {isa = PBXFileReference; fileEncoding = 4; lastKnownFileType = sourcecode.cpp.cpp; path = Constant_Game.cpp; sourceTree = "<group>"; };
		E35AFADE1CB644A100D2BCE4 /* Constant_Game.h */ = {isa = PBXFileReference; fileEncoding = 4; lastKnownFileType = sourcecode.c.h; path = Constant_Game.h; sourceTree = "<group>"; };
		E369982C1C0C24AA007BB3C8 /* LockofSelect.cpp */ = {isa = PBXFileReference; fileEncoding = 4; lastKnownFileType = sourcecode.cpp.cpp; path = LockofSelect.cpp; sourceTree = "<group>"; };
		E369982D1C0C24AA007BB3C8 /* LockofSelect.h */ = {isa = PBXFileReference; fileEncoding = 4; lastKnownFileType = sourcecode.c.h; path = LockofSelect.h; sourceTree = "<group>"; };
		E3910A201C27AEA6008F65A6 /* Special_Section.cpp */ = {isa = PBXFileReference; fileEncoding = 4; lastKnownFileType = sourcecode.cpp.cpp; name = Special_Section.cpp; path = ../Classes/Special_Section.cpp; sourceTree = "<group>"; };
		E3910A211C27AEA6008F65A6 /* Special_Section.h */ = {isa = PBXFileReference; fileEncoding = 4; lastKnownFileType = sourcecode.c.h; name = Special_Section.h; path = ../Classes/Special_Section.h; sourceTree = "<group>"; };
		E3CB5E4A1BC9753A005123B8 /* Constant.cpp */ = {isa = PBXFileReference; fileEncoding = 4; lastKnownFileType = sourcecode.cpp.cpp; path = Constant.cpp; sourceTree = "<group>"; };
		E3CB5E4B1BC9753A005123B8 /* Data_FigureInfo.swift */ = {isa = PBXFileReference; fileEncoding = 4; lastKnownFileType = sourcecode.swift; path = Data_FigureInfo.swift; sourceTree = "<group>"; };
		E3CB5E4C1BC9753A005123B8 /* GameCommonScene.cpp */ = {isa = PBXFileReference; fileEncoding = 4; lastKnownFileType = sourcecode.cpp.cpp; name = GameCommonScene.cpp; path = ../Classes/GameCommonScene.cpp; sourceTree = "<group>"; };
		E3CB5E4D1BC9753A005123B8 /* GameCommonScene.h */ = {isa = PBXFileReference; fileEncoding = 4; lastKnownFileType = sourcecode.c.h; name = GameCommonScene.h; path = ../Classes/GameCommonScene.h; sourceTree = "<group>"; };
		E3CB5E4E1BC9753A005123B8 /* StartScene.cpp */ = {isa = PBXFileReference; fileEncoding = 4; lastKnownFileType = sourcecode.cpp.cpp; name = StartScene.cpp; path = ../Classes/StartScene.cpp; sourceTree = "<group>"; };
		E3CB5E4F1BC9753A005123B8 /* initDocuments.swift */ = {isa = PBXFileReference; fileEncoding = 4; lastKnownFileType = sourcecode.swift; path = initDocuments.swift; sourceTree = "<group>"; };
		E3CB5E501BC9753A005123B8 /* OC_callSystemInfo.mm */ = {isa = PBXFileReference; fileEncoding = 4; lastKnownFileType = sourcecode.cpp.objcpp; path = OC_callSystemInfo.mm; sourceTree = "<group>"; };
		E3CB5E511BC9753A005123B8 /* ShopScene.cpp */ = {isa = PBXFileReference; fileEncoding = 4; lastKnownFileType = sourcecode.cpp.cpp; name = ShopScene.cpp; path = ../Classes/ShopScene.cpp; sourceTree = "<group>"; };
		E3CB5E521BC9753A005123B8 /* ShopScene.h */ = {isa = PBXFileReference; fileEncoding = 4; lastKnownFileType = sourcecode.c.h; name = ShopScene.h; path = ../Classes/ShopScene.h; sourceTree = "<group>"; };
		E3CB5E531BC9753A005123B8 /* AppDelegate.cpp */ = {isa = PBXFileReference; fileEncoding = 4; lastKnownFileType = sourcecode.cpp.cpp; name = AppDelegate.cpp; path = ../Classes/AppDelegate.cpp; sourceTree = "<group>"; };
		E3CB5E541BC9753A005123B8 /* AppDelegate.h */ = {isa = PBXFileReference; fileEncoding = 4; lastKnownFileType = sourcecode.c.h; name = AppDelegate.h; path = ../Classes/AppDelegate.h; sourceTree = "<group>"; };
		E3CB5E551BC9753A005123B8 /* Constant.h */ = {isa = PBXFileReference; fileEncoding = 4; lastKnownFileType = sourcecode.c.h; path = Constant.h; sourceTree = "<group>"; };
		E3CB5E581BC9753A005123B8 /* Data_GameInfo.swift */ = {isa = PBXFileReference; fileEncoding = 4; lastKnownFileType = sourcecode.swift; path = Data_GameInfo.swift; sourceTree = "<group>"; };
		E3CB5E591BC9753A005123B8 /* Data_SystemInfo.swift */ = {isa = PBXFileReference; fileEncoding = 4; lastKnownFileType = sourcecode.swift; path = Data_SystemInfo.swift; sourceTree = "<group>"; };
		E3CB5E5C1BC9753A005123B8 /* FigurePo.swift */ = {isa = PBXFileReference; fileEncoding = 4; lastKnownFileType = sourcecode.swift; path = FigurePo.swift; sourceTree = "<group>"; };
		E3CB5E5D1BC9753A005123B8 /* FigureVo.cpp */ = {isa = PBXFileReference; fileEncoding = 4; lastKnownFileType = sourcecode.cpp.cpp; path = FigureVo.cpp; sourceTree = "<group>"; };
		E3CB5E5E1BC9753A005123B8 /* FigureVo.h */ = {isa = PBXFileReference; fileEncoding = 4; lastKnownFileType = sourcecode.c.h; path = FigureVo.h; sourceTree = "<group>"; };
		E3CB5E631BC9753A005123B8 /* GamePo.swift */ = {isa = PBXFileReference; fileEncoding = 4; lastKnownFileType = sourcecode.swift; path = GamePo.swift; sourceTree = "<group>"; };
		E3CB5E641BC9753A005123B8 /* GameVo.cpp */ = {isa = PBXFileReference; fileEncoding = 4; lastKnownFileType = sourcecode.cpp.cpp; path = GameVo.cpp; sourceTree = "<group>"; };
		E3CB5E651BC9753A005123B8 /* GameVo.h */ = {isa = PBXFileReference; fileEncoding = 4; lastKnownFileType = sourcecode.c.h; path = GameVo.h; sourceTree = "<group>"; };
		E3CB5E671BC9753A005123B8 /* OC_callFigureInfo.h */ = {isa = PBXFileReference; fileEncoding = 4; lastKnownFileType = sourcecode.c.h; path = OC_callFigureInfo.h; sourceTree = "<group>"; };
		E3CB5E681BC9753A005123B8 /* OC_callFigureInfo.mm */ = {isa = PBXFileReference; fileEncoding = 4; lastKnownFileType = sourcecode.cpp.objcpp; path = OC_callFigureInfo.mm; sourceTree = "<group>"; };
		E3CB5E691BC9753A005123B8 /* OC_callGameInfo.h */ = {isa = PBXFileReference; fileEncoding = 4; lastKnownFileType = sourcecode.c.h; path = OC_callGameInfo.h; sourceTree = "<group>"; };
		E3CB5E6A1BC9753A005123B8 /* OC_callGameInfo.mm */ = {isa = PBXFileReference; fileEncoding = 4; lastKnownFileType = sourcecode.cpp.objcpp; path = OC_callGameInfo.mm; sourceTree = "<group>"; };
		E3CB5E6B1BC9753A005123B8 /* OC_callSystemInfo.h */ = {isa = PBXFileReference; fileEncoding = 4; lastKnownFileType = sourcecode.c.h; path = OC_callSystemInfo.h; sourceTree = "<group>"; };
		E3CB5E6E1BC9753A005123B8 /* SelectScene_ALL.cpp */ = {isa = PBXFileReference; fileEncoding = 4; lastKnownFileType = sourcecode.cpp.cpp; name = SelectScene_ALL.cpp; path = ../Classes/SelectScene_ALL.cpp; sourceTree = "<group>"; };
		E3CB5E6F1BC9753A005123B8 /* SelectScene_ALL.h */ = {isa = PBXFileReference; fileEncoding = 4; lastKnownFileType = sourcecode.c.h; name = SelectScene_ALL.h; path = ../Classes/SelectScene_ALL.h; sourceTree = "<group>"; };
		E3CB5E701BC9753A005123B8 /* aboutScene.cpp */ = {isa = PBXFileReference; fileEncoding = 4; lastKnownFileType = sourcecode.cpp.cpp; name = aboutScene.cpp; path = ../Classes/aboutScene.cpp; sourceTree = "<group>"; };
		E3CB5E711BC9753A005123B8 /* aboutScene.h */ = {isa = PBXFileReference; fileEncoding = 4; lastKnownFileType = sourcecode.c.h; name = aboutScene.h; path = ../Classes/aboutScene.h; sourceTree = "<group>"; };
		E3CB5E721BC9753A005123B8 /* StartScene.h */ = {isa = PBXFileReference; fileEncoding = 4; lastKnownFileType = sourcecode.c.h; name = StartScene.h; path = ../Classes/StartScene.h; sourceTree = "<group>"; };
		E3CB5E731BC9753A005123B8 /* SystemPo.swift */ = {isa = PBXFileReference; fileEncoding = 4; lastKnownFileType = sourcecode.swift; path = SystemPo.swift; sourceTree = "<group>"; };
		E3CB5E741BC9753A005123B8 /* SystemVo.cpp */ = {isa = PBXFileReference; fileEncoding = 4; lastKnownFileType = sourcecode.cpp.cpp; path = SystemVo.cpp; sourceTree = "<group>"; };
		E3CB5E751BC9753A005123B8 /* SystemVo.h */ = {isa = PBXFileReference; fileEncoding = 4; lastKnownFileType = sourcecode.c.h; path = SystemVo.h; sourceTree = "<group>"; };
		E3CB5EA61BC97B39005123B8 /* FigureInfo.plist */ = {isa = PBXFileReference; fileEncoding = 4; lastKnownFileType = text.plist.xml; path = FigureInfo.plist; sourceTree = "<group>"; };
		E3CB5EA71BC97B39005123B8 /* 00.jpg */ = {isa = PBXFileReference; lastKnownFileType = image.jpeg; path = 00.jpg; sourceTree = "<group>"; };
		E3CB5EA81BC97B39005123B8 /* 01.jpg */ = {isa = PBXFileReference; lastKnownFileType = image.jpeg; path = 01.jpg; sourceTree = "<group>"; };
		E3CB5EA91BC97B39005123B8 /* 02.jpg */ = {isa = PBXFileReference; lastKnownFileType = image.jpeg; path = 02.jpg; sourceTree = "<group>"; };
		E3CB5EAA1BC97B39005123B8 /* 03.jpg */ = {isa = PBXFileReference; lastKnownFileType = image.jpeg; path = 03.jpg; sourceTree = "<group>"; };
		E3CB5EAB1BC97B39005123B8 /* 04.jpg */ = {isa = PBXFileReference; lastKnownFileType = image.jpeg; path = 04.jpg; sourceTree = "<group>"; };
		E3CB5EAC1BC97B39005123B8 /* 05.jpg */ = {isa = PBXFileReference; lastKnownFileType = image.jpeg; path = 05.jpg; sourceTree = "<group>"; };
		E3CB5EAD1BC97B39005123B8 /* 06.jpg */ = {isa = PBXFileReference; lastKnownFileType = image.jpeg; path = 06.jpg; sourceTree = "<group>"; };
		E3CB5EAE1BC97B39005123B8 /* 07.jpg */ = {isa = PBXFileReference; lastKnownFileType = image.jpeg; path = 07.jpg; sourceTree = "<group>"; };
		E3CB5EAF1BC97B39005123B8 /* CloseNormal.png */ = {isa = PBXFileReference; lastKnownFileType = image.png; path = CloseNormal.png; sourceTree = "<group>"; };
		E3CB5EB01BC97B39005123B8 /* CloseSelected.png */ = {isa = PBXFileReference; lastKnownFileType = image.png; path = CloseSelected.png; sourceTree = "<group>"; };
		E3CB5EB11BC97B39005123B8 /* fonts */ = {isa = PBXFileReference; lastKnownFileType = folder; path = fonts; sourceTree = "<group>"; };
		E3CB5EB21BC97B39005123B8 /* GameInfo.plist */ = {isa = PBXFileReference; fileEncoding = 4; lastKnownFileType = text.plist.xml; path = GameInfo.plist; sourceTree = "<group>"; };
		E3CB5EB41BC97B39005123B8 /* SystemInfo.plist */ = {isa = PBXFileReference; fileEncoding = 4; lastKnownFileType = text.plist.xml; path = SystemInfo.plist; sourceTree = "<group>"; };
		E3CB5ECC1BC97DE4005123B8 /* HelloWorld.png */ = {isa = PBXFileReference; lastKnownFileType = image.png; name = HelloWorld.png; path = res/HelloWorld.png; sourceTree = "<group>"; };
		ED545A7B1B68A1F400C3958E /* libiconv.dylib */ = {isa = PBXFileReference; lastKnownFileType = "compiled.mach-o.dylib"; name = libiconv.dylib; path = Platforms/iPhoneOS.platform/Developer/SDKs/iPhoneOS8.4.sdk/usr/lib/libiconv.dylib; sourceTree = DEVELOPER_DIR; };
		ED545A7D1B68A1FA00C3958E /* libiconv.dylib */ = {isa = PBXFileReference; lastKnownFileType = "compiled.mach-o.dylib"; name = libiconv.dylib; path = usr/lib/libiconv.dylib; sourceTree = SDKROOT; };
/* End PBXFileReference section */

/* Begin PBXFrameworksBuildPhase section */
		1D60588F0D05DD3D006BFB54 /* Frameworks */ = {
			isa = PBXFrameworksBuildPhase;
			buildActionMask = 2147483647;
			files = (
				ED545A7C1B68A1F400C3958E /* libiconv.dylib in Frameworks */,
				52B47A471A53D09C004E4C60 /* Security.framework in Frameworks */,
				D6B0611B1803AB670077942B /* CoreMotion.framework in Frameworks */,
				1D60589F0D05DD5A006BFB54 /* Foundation.framework in Frameworks */,
				1DF5F4E00D08C38300B7A737 /* UIKit.framework in Frameworks */,
				288765A50DF7441C002DB57D /* CoreGraphics.framework in Frameworks */,
				BF171245129291EC00B8313A /* OpenGLES.framework in Frameworks */,
				BF1712471292920000B8313A /* libz.dylib in Frameworks */,
				BF1C47F01293687400B63C5D /* QuartzCore.framework in Frameworks */,
				D44C620C132DFF330009C878 /* OpenAL.framework in Frameworks */,
				D44C620E132DFF430009C878 /* AVFoundation.framework in Frameworks */,
				D44C6210132DFF4E0009C878 /* AudioToolbox.framework in Frameworks */,
				C1A34EC3B3688816E3878B27 /* libcocos2d iOS.a in Frameworks */,
			);
			runOnlyForDeploymentPostprocessing = 0;
		};
		5087E75C17EB910900C73F5D /* Frameworks */ = {
			isa = PBXFrameworksBuildPhase;
			buildActionMask = 2147483647;
			files = (
				ED545A7E1B68A1FA00C3958E /* libiconv.dylib in Frameworks */,
				5087E76717EB910900C73F5D /* libz.dylib in Frameworks */,
				8262943E1AAF051F00CB7CF7 /* Security.framework in Frameworks */,
				503AE11B17EB9C5A00D1A890 /* IOKit.framework in Frameworks */,
				5087E78B17EB975400C73F5D /* OpenGL.framework in Frameworks */,
				5087E78917EB974C00C73F5D /* AppKit.framework in Frameworks */,
				5087E76317EB910900C73F5D /* Foundation.framework in Frameworks */,
				5087E76817EB910900C73F5D /* QuartzCore.framework in Frameworks */,
				5087E76917EB910900C73F5D /* OpenAL.framework in Frameworks */,
				5087E76A17EB910900C73F5D /* AVFoundation.framework in Frameworks */,
				5087E76B17EB910900C73F5D /* AudioToolbox.framework in Frameworks */,
				04F24EA79E2FEB16726F1559 /* libcocos2d Mac.a in Frameworks */,
			);
			runOnlyForDeploymentPostprocessing = 0;
		};
/* End PBXFrameworksBuildPhase section */

/* Begin PBXGroup section */
		0408A2D11C1B1266004D5BAC /* Game */ = {
			isa = PBXGroup;
			children = (
				0408A2D41C1B1326004D5BAC /* TimeLine.plist */,
			);
			name = Game;
			sourceTree = "<group>";
		};
		04463B3C1C0C959900EE6D7C /* LIBS */ = {
			isa = PBXGroup;
			children = (
				04BA48CE1C3A8A220078D849 /* PEShapeCache.cpp */,
				04BA48CF1C3A8A220078D849 /* PEShapeCache.h */,
				0454C4F31C1AA94E001EC9F7 /* CoverView.cpp */,
				0454C4F41C1AA94E001EC9F7 /* CoverView.h */,
			);
			name = LIBS;
			sourceTree = "<group>";
		};
		04D20CD91C52706700D4C35F /* Scene */ = {
			isa = PBXGroup;
			children = (
				E3CB5E511BC9753A005123B8 /* ShopScene.cpp */,
				E3CB5E521BC9753A005123B8 /* ShopScene.h */,
				E3CB5E6E1BC9753A005123B8 /* SelectScene_ALL.cpp */,
				E3CB5E6F1BC9753A005123B8 /* SelectScene_ALL.h */,
				E3CB5E701BC9753A005123B8 /* aboutScene.cpp */,
				E3CB5E711BC9753A005123B8 /* aboutScene.h */,
				E3CB5E4C1BC9753A005123B8 /* GameCommonScene.cpp */,
				E3CB5E4D1BC9753A005123B8 /* GameCommonScene.h */,
				E347EA981C19EA8A0096BC5E /* SelectScene_Detail.cpp */,
				E347EA991C19EA8A0096BC5E /* SelectScene_Detail.h */,
				E3CB5E4E1BC9753A005123B8 /* StartScene.cpp */,
				E3CB5E721BC9753A005123B8 /* StartScene.h */,
				E348B54A1C64823F004200F8 /* pauseScene.cpp */,
				E348B54B1C64823F004200F8 /* pauseScene.h */,
			);
			name = Scene;
			sourceTree = "<group>";
		};
		080E96DDFE201D6D7F000001 /* ios */ = {
			isa = PBXGroup;
			children = (
				5087E77117EB970100C73F5D /* Icons */,
				503AE0FA17EB989F00D1A890 /* AppController.h */,
				503AE0FB17EB989F00D1A890 /* AppController.mm */,
				503AE0FC17EB989F00D1A890 /* main.m */,
				503AE0FD17EB989F00D1A890 /* Prefix.pch */,
				503AE0FE17EB989F00D1A890 /* RootViewController.h */,
				503AE0FF17EB989F00D1A890 /* RootViewController.mm */,
			);
			name = ios;
			path = Classes;
			sourceTree = "<group>";
		};
		19C28FACFE9D520D11CA2CBB /* Products */ = {
			isa = PBXGroup;
			children = (
				1D6058910D05DD3D006BFB54 /* PrisonBreak_mobile.app */,
				5087E76F17EB910900C73F5D /* PrisonBreak_v1.1-desktop.app */,
			);
			name = Products;
			sourceTree = "<group>";
		};
		29B97314FDCFA39411CA2CEA /* CustomTemplate */ = {
			isa = PBXGroup;
			children = (
				46880B8319C43A87006E1F66 /* Classes */,
				46880B7519C43A67006E1F66 /* Resources */,
				29B97323FDCFA39411CA2CEA /* Frameworks */,
				080E96DDFE201D6D7F000001 /* ios */,
				503AE10617EB990700D1A890 /* mac */,
				19C28FACFE9D520D11CA2CBB /* Products */,
				D5CB42F08C6D43063F35C095 /* ios-libs */,
				902F42B2BBC012D29E93F7B6 /* mac-libs */,
			);
			name = CustomTemplate;
			sourceTree = "<group>";
		};
		29B97323FDCFA39411CA2CEA /* Frameworks */ = {
			isa = PBXGroup;
			children = (
				ED545A7D1B68A1FA00C3958E /* libiconv.dylib */,
				ED545A7B1B68A1F400C3958E /* libiconv.dylib */,
				8262943D1AAF051F00CB7CF7 /* Security.framework */,
				52B47A461A53D09B004E4C60 /* Security.framework */,
				D6B0611A1803AB670077942B /* CoreMotion.framework */,
				503AE11A17EB9C5A00D1A890 /* IOKit.framework */,
				503AE11117EB99EE00D1A890 /* libcurl.dylib */,
				5087E78A17EB975400C73F5D /* OpenGL.framework */,
				5087E78817EB974C00C73F5D /* AppKit.framework */,
				1ACB3243164770DE00914215 /* libcurl.a */,
				BF170DB412928DE900B8313A /* libz.dylib */,
				D44C620F132DFF4E0009C878 /* AudioToolbox.framework */,
				D44C620D132DFF430009C878 /* AVFoundation.framework */,
				288765A40DF7441C002DB57D /* CoreGraphics.framework */,
				1D30AB110D05D00D00671497 /* Foundation.framework */,
				D44C620B132DFF330009C878 /* OpenAL.framework */,
				BF170DB012928DE900B8313A /* OpenGLES.framework */,
				BF1C47EA1293683800B63C5D /* QuartzCore.framework */,
				1DF5F4DF0D08C38300B7A737 /* UIKit.framework */,
			);
			name = Frameworks;
			sourceTree = "<group>";
		};
		46880B7519C43A67006E1F66 /* Resources */ = {
			isa = PBXGroup;
			children = (
				0408A2D11C1B1266004D5BAC /* Game */,
				E3CB5ECE1BC97DF3005123B8 /* MusicFile */,
				E3CB5ECB1BC97DB4005123B8 /* UIPicture */,
				E3CB5ECA1BC97D98005123B8 /* ConfigrationFile */,
				E3CB5EB11BC97B39005123B8 /* fonts */,
				59034C45B7318DA5E4A7B462 /* res */,
			);
			name = Resources;
			path = ../Resources;
			sourceTree = "<group>";
		};
		46880B8319C43A87006E1F66 /* Classes */ = {
			isa = PBXGroup;
			children = (
				04463B3C1C0C959900EE6D7C /* LIBS */,
				E30AC8A21BD79D7D005B8686 /* BL */,
				E3CB5EC81BC97BA5005123B8 /* DataS */,
				E3CB5EC71BC97B97005123B8 /* DATA */,
				E3CB5EC41BC97B70005123B8 /* PO */,
				E3CB5EC91BC97BCE005123B8 /* UI */,
				E3CB5EC61BC97B88005123B8 /* UTIL */,
				E3CB5EC51BC97B82005123B8 /* VO */,
			);
			name = Classes;
			path = ../Classes;
			sourceTree = "<group>";
		};
		503AE0F517EB97AB00D1A890 /* Icons */ = {
			isa = PBXGroup;
			children = (
				503AE0F617EB97AB00D1A890 /* Icon.icns */,
				503AE0F717EB97AB00D1A890 /* Info.plist */,
			);
			name = Icons;
			path = mac;
			sourceTree = SOURCE_ROOT;
		};
		503AE10617EB990700D1A890 /* mac */ = {
			isa = PBXGroup;
			children = (
				503AE0F517EB97AB00D1A890 /* Icons */,
				503AE10317EB98FF00D1A890 /* main.cpp */,
				503AE10417EB98FF00D1A890 /* Prefix.pch */,
			);
			name = mac;
			sourceTree = "<group>";
		};
		5087E77117EB970100C73F5D /* Icons */ = {
			isa = PBXGroup;
			children = (
				521A8E6219F0C34300D177D7 /* Default-667h@2x.png */,
				521A8E6319F0C34300D177D7 /* Default-736h@3x.png */,
				5087E77217EB970100C73F5D /* Default-568h@2x.png */,
				5087E77317EB970100C73F5D /* Default.png */,
				5087E77417EB970100C73F5D /* Default@2x.png */,
				50EF62A017ECD613001EB2F8 /* Icon-29.png */,
				50EF62A117ECD613001EB2F8 /* Icon-50.png */,
				50EF629217ECD46A001EB2F8 /* Icon-40.png */,
				50EF629317ECD46A001EB2F8 /* Icon-58.png */,
				50EF629417ECD46A001EB2F8 /* Icon-80.png */,
				50EF629517ECD46A001EB2F8 /* Icon-100.png */,
				5087E77517EB970100C73F5D /* Icon-114.png */,
				5087E77617EB970100C73F5D /* Icon-120.png */,
				5087E77717EB970100C73F5D /* Icon-144.png */,
				5087E77817EB970100C73F5D /* Icon-152.png */,
				5087E77917EB970100C73F5D /* Icon-57.png */,
				5087E77A17EB970100C73F5D /* Icon-72.png */,
				5087E77B17EB970100C73F5D /* Icon-76.png */,
				5087E77C17EB970100C73F5D /* Info.plist */,
			);
			name = Icons;
			path = ios;
			sourceTree = SOURCE_ROOT;
		};
		902F42B2BBC012D29E93F7B6 /* mac-libs */ = {
			isa = PBXGroup;
			children = (
				1D364C16A410D74FA7F2CF54 /* libcocos2d Mac.a */,
			);
			name = "mac-libs";
			sourceTree = "<group>";
		};
		D5CB42F08C6D43063F35C095 /* ios-libs */ = {
			isa = PBXGroup;
			children = (
				89AD4506B527F53C15871621 /* libcocos2d iOS.a */,
			);
			name = "ios-libs";
			sourceTree = "<group>";
		};
		E30AC8A21BD79D7D005B8686 /* BL */ = {
			isa = PBXGroup;
			children = (
				E30AC8B91BD984AB005B8686 /* moveListener.cpp */,
				E30AC8BA1BD984AC005B8686 /* moveListener.h */,
				E30AC8BC1BD98B94005B8686 /* ContactManager.cpp */,
				E30AC8BD1BD98B94005B8686 /* ContactManager.h */,
				E369982C1C0C24AA007BB3C8 /* LockofSelect.cpp */,
				E369982D1C0C24AA007BB3C8 /* LockofSelect.h */,
				E301E4DD1C1AA5D00094884D /* gameLoad.cpp */,
				E301E4DE1C1AA5D00094884D /* gameLoad.h */,
				E3463CC81C1D148A003057AA /* SchedulerManager.cpp */,
				E3463CC91C1D148A003057AA /* SchedulerManager.h */,
				E312DDA61C4875BC0062A35A /* protagonistListener.cpp */,
				E312DDA71C4875BC0062A35A /* protagonistListener.h */,
				E349DB0D1C4C67DA00DF7E66 /* JailerListener.cpp */,
				E349DB0E1C4C67DA00DF7E66 /* JailerListener.h */,
				E349DB101C4C731000DF7E66 /* WallListener.cpp */,
				E349DB111C4C731000DF7E66 /* WallListener.h */,
				E34E6FBB1CB80A5E0026E129 /* MenuManager.cpp */,
				E34E6FBC1CB80A5E0026E129 /* MenuManager.h */,
			);
			name = BL;
			sourceTree = "<group>";
		};
		E30AC8A91BD92C61005B8686 /* Game_Component */ = {
			isa = PBXGroup;
			children = (
				049178E01BDBDBB2004AAF5C /* Section.cpp */,
				049178E11BDBDBB2004AAF5C /* Section.h */,
				E30AC8AA1BD92CDF005B8686 /* Sprite_protagonist.cpp */,
				E30AC8AB1BD92CDF005B8686 /* Sprite_protagonist.h */,
				E30AC8AD1BD92F8A005B8686 /* Sprite_mouse.cpp */,
				E30AC8AE1BD92F8A005B8686 /* Sprite_mouse.h */,
				E30AC8B01BD930FE005B8686 /* Sprite_jailer.cpp */,
				E30AC8B11BD930FE005B8686 /* Sprite_jailer.h */,
				E30AC8B31BD93281005B8686 /* Sprite_coin.cpp */,
				E30AC8B41BD93281005B8686 /* Sprite_coin.h */,
				E30AC8B61BD9329B005B8686 /* Sprite_wall.cpp */,
				E30AC8B71BD9329B005B8686 /* Sprite_wall.h */,
				E3910A201C27AEA6008F65A6 /* Special_Section.cpp */,
				E3910A211C27AEA6008F65A6 /* Special_Section.h */,
			);
			name = Game_Component;
			sourceTree = "<group>";
		};
		E35AFADC1CB6394200D2BCE4 /* Game_Layer */ = {
			isa = PBXGroup;
			children = (
			);
			name = Game_Layer;
			sourceTree = "<group>";
		};
		E3CB5EC41BC97B70005123B8 /* PO */ = {
			isa = PBXGroup;
			children = (
				E3CB5E631BC9753A005123B8 /* GamePo.swift */,
				E3CB5E731BC9753A005123B8 /* SystemPo.swift */,
				E3CB5E5C1BC9753A005123B8 /* FigurePo.swift */,
				E347D4241C1C0AE4009ECC95 /* TimeLinePo.swift */,
			);
			name = PO;
			sourceTree = "<group>";
		};
		E3CB5EC51BC97B82005123B8 /* VO */ = {
			isa = PBXGroup;
			children = (
				E3CB5E5D1BC9753A005123B8 /* FigureVo.cpp */,
				E3CB5E5E1BC9753A005123B8 /* FigureVo.h */,
				E3CB5E641BC9753A005123B8 /* GameVo.cpp */,
				E3CB5E651BC9753A005123B8 /* GameVo.h */,
				E3CB5E741BC9753A005123B8 /* SystemVo.cpp */,
				E3CB5E751BC9753A005123B8 /* SystemVo.h */,
				E347D4261C1C45E2009ECC95 /* TimeLineVo.cpp */,
				E347D4271C1C45E2009ECC95 /* TimeLineVo.h */,
			);
			name = VO;
			sourceTree = "<group>";
		};
		E3CB5EC61BC97B88005123B8 /* UTIL */ = {
			isa = PBXGroup;
			children = (
				E30E777F1BCAD7DE0053F4B1 /* CacheData.cpp */,
				E30E77801BCAD7DE0053F4B1 /* CacheData.h */,
				E3CB5E4A1BC9753A005123B8 /* Constant.cpp */,
				E3CB5E551BC9753A005123B8 /* Constant.h */,
				E30AC89C1BD5AADB005B8686 /* Constant_Use.cpp */,
				E30AC89D1BD5AADB005B8686 /* Constant_Use.h */,
				E35AFADD1CB644A100D2BCE4 /* Constant_Game.cpp */,
				E35AFADE1CB644A100D2BCE4 /* Constant_Game.h */,
			);
			name = UTIL;
			sourceTree = "<group>";
		};
		E3CB5EC71BC97B97005123B8 /* DATA */ = {
			isa = PBXGroup;
			children = (
				E3CB5E4B1BC9753A005123B8 /* Data_FigureInfo.swift */,
				E3CB5E581BC9753A005123B8 /* Data_GameInfo.swift */,
				E3CB5E591BC9753A005123B8 /* Data_SystemInfo.swift */,
				E3CB5E4F1BC9753A005123B8 /* initDocuments.swift */,
			);
			name = DATA;
			sourceTree = "<group>";
		};
		E3CB5EC81BC97BA5005123B8 /* DataS */ = {
			isa = PBXGroup;
			children = (
				E3CB5E671BC9753A005123B8 /* OC_callFigureInfo.h */,
				E3CB5E681BC9753A005123B8 /* OC_callFigureInfo.mm */,
				E3CB5E691BC9753A005123B8 /* OC_callGameInfo.h */,
				E3CB5E6A1BC9753A005123B8 /* OC_callGameInfo.mm */,
				E3CB5E6B1BC9753A005123B8 /* OC_callSystemInfo.h */,
				E3CB5E501BC9753A005123B8 /* OC_callSystemInfo.mm */,
			);
			name = DataS;
			sourceTree = "<group>";
		};
		E3CB5EC91BC97BCE005123B8 /* UI */ = {
			isa = PBXGroup;
			children = (
				E35AFADC1CB6394200D2BCE4 /* Game_Layer */,
				E3EF16481BDA3BEC001E3EA3 /* Game_Map */,
				E30AC8A91BD92C61005B8686 /* Game_Component */,
				04D20CD91C52706700D4C35F /* Scene */,
				E3CB5E531BC9753A005123B8 /* AppDelegate.cpp */,
				E3CB5E541BC9753A005123B8 /* AppDelegate.h */,
				E30AC8A61BD835AD005B8686 /* MyScene.cpp */,
				E30AC8A71BD835AD005B8686 /* MyScene.h */,
			);
			name = UI;
			path = ../proj.ios_mac;
			sourceTree = "<group>";
		};
		E3CB5ECA1BC97D98005123B8 /* ConfigrationFile */ = {
			isa = PBXGroup;
			children = (
				E3CB5EA61BC97B39005123B8 /* FigureInfo.plist */,
				E3CB5EB21BC97B39005123B8 /* GameInfo.plist */,
				E3CB5EB41BC97B39005123B8 /* SystemInfo.plist */,
			);
			name = ConfigrationFile;
			sourceTree = "<group>";
		};
		E3CB5ECB1BC97DB4005123B8 /* UIPicture */ = {
			isa = PBXGroup;
			children = (
				E3CB5ECC1BC97DE4005123B8 /* HelloWorld.png */,
				E3CB5EA71BC97B39005123B8 /* 00.jpg */,
				E3CB5EA81BC97B39005123B8 /* 01.jpg */,
				E3CB5EA91BC97B39005123B8 /* 02.jpg */,
				E3CB5EAA1BC97B39005123B8 /* 03.jpg */,
				E3CB5EAB1BC97B39005123B8 /* 04.jpg */,
				E3CB5EAC1BC97B39005123B8 /* 05.jpg */,
				E3CB5EAD1BC97B39005123B8 /* 06.jpg */,
				E3CB5EAE1BC97B39005123B8 /* 07.jpg */,
				E3CB5EAF1BC97B39005123B8 /* CloseNormal.png */,
				E3CB5EB01BC97B39005123B8 /* CloseSelected.png */,
			);
			name = UIPicture;
			sourceTree = "<group>";
		};
		E3CB5ECE1BC97DF3005123B8 /* MusicFile */ = {
			isa = PBXGroup;
			children = (
			);
			name = MusicFile;
			sourceTree = "<group>";
		};
		E3EF16481BDA3BEC001E3EA3 /* Game_Map */ = {
			isa = PBXGroup;
			children = (
			);
			name = Game_Map;
			sourceTree = "<group>";
		};
/* End PBXGroup section */

/* Begin PBXNativeTarget section */
		1D6058900D05DD3D006BFB54 /* PrisonBreak_v1.1-mobile */ = {
			isa = PBXNativeTarget;
			buildConfigurationList = 1D6058960D05DD3E006BFB54 /* Build configuration list for PBXNativeTarget "PrisonBreak_v1.1-mobile" */;
			buildPhases = (
				1D60588D0D05DD3D006BFB54 /* Resources */,
				1D60588E0D05DD3D006BFB54 /* Sources */,
				1D60588F0D05DD3D006BFB54 /* Frameworks */,
			);
			buildRules = (
			);
			dependencies = (
			);
			name = "PrisonBreak_v1.1-mobile";
			productName = iphone;
			productReference = 1D6058910D05DD3D006BFB54 /* PrisonBreak_mobile.app */;
			productType = "com.apple.product-type.application";
		};
		5087E73D17EB910900C73F5D /* PrisonBreak_v1.1-desktop */ = {
			isa = PBXNativeTarget;
			buildConfigurationList = 5087E76C17EB910900C73F5D /* Build configuration list for PBXNativeTarget "PrisonBreak_v1.1-desktop" */;
			buildPhases = (
				5087E74817EB910900C73F5D /* Resources */,
				5087E75617EB910900C73F5D /* Sources */,
				5087E75C17EB910900C73F5D /* Frameworks */,
			);
			buildRules = (
			);
			dependencies = (
			);
			name = "PrisonBreak_v1.1-desktop";
			productName = iphone;
			productReference = 5087E76F17EB910900C73F5D /* PrisonBreak_v1.1-desktop.app */;
			productType = "com.apple.product-type.application";
		};
/* End PBXNativeTarget section */

/* Begin PBXProject section */
		29B97313FDCFA39411CA2CEA /* Project object */ = {
			isa = PBXProject;
			attributes = {
				LastSwiftUpdateCheck = 0700;
				LastUpgradeCheck = 0500;
			};
			buildConfigurationList = C01FCF4E08A954540054247B /* Build configuration list for PBXProject "PrisonBreak_v1.1" */;
			compatibilityVersion = "Xcode 3.2";
			developmentRegion = English;
			hasScannedForEncodings = 1;
			knownRegions = (
				English,
				Japanese,
				French,
				German,
			);
			mainGroup = 29B97314FDCFA39411CA2CEA /* CustomTemplate */;
			projectDirPath = "";
			projectRoot = "";
			targets = (
				1D6058900D05DD3D006BFB54 /* PrisonBreak_v1.1-mobile */,
				5087E73D17EB910900C73F5D /* PrisonBreak_v1.1-desktop */,
			);
		};
/* End PBXProject section */

/* Begin PBXResourcesBuildPhase section */
		1D60588D0D05DD3D006BFB54 /* Resources */ = {
			isa = PBXResourcesBuildPhase;
			buildActionMask = 2147483647;
			files = (
				0408A2D51C1B1326004D5BAC /* TimeLine.plist in Resources */,
				E3CB5EBB1BC97B39005123B8 /* 05.jpg in Resources */,
				E3CB5EB91BC97B39005123B8 /* 03.jpg in Resources */,
				E3CB5EB51BC97B39005123B8 /* FigureInfo.plist in Resources */,
				5087E78117EB970100C73F5D /* Icon-120.png in Resources */,
				5087E78617EB970100C73F5D /* Icon-76.png in Resources */,
				5087E77F17EB970100C73F5D /* Default@2x.png in Resources */,
				E3CB5EBA1BC97B39005123B8 /* 04.jpg in Resources */,
				50EF629917ECD46A001EB2F8 /* Icon-100.png in Resources */,
				E3CB5EC01BC97B39005123B8 /* fonts in Resources */,
				E3CB5EB81BC97B39005123B8 /* 02.jpg in Resources */,
				5087E78317EB970100C73F5D /* Icon-152.png in Resources */,
				5087E77D17EB970100C73F5D /* Default-568h@2x.png in Resources */,
				5087E78517EB970100C73F5D /* Icon-72.png in Resources */,
				521A8E6519F0C34300D177D7 /* Default-736h@3x.png in Resources */,
				E3CB5EC11BC97B39005123B8 /* GameInfo.plist in Resources */,
				E3CB5ECD1BC97DE4005123B8 /* HelloWorld.png in Resources */,
				E3CB5EB61BC97B39005123B8 /* 00.jpg in Resources */,
				50EF62A317ECD613001EB2F8 /* Icon-50.png in Resources */,
				5087E78017EB970100C73F5D /* Icon-114.png in Resources */,
				E3CB5EBD1BC97B39005123B8 /* 07.jpg in Resources */,
				E3CB5EBF1BC97B39005123B8 /* CloseSelected.png in Resources */,
				E3CB5EB71BC97B39005123B8 /* 01.jpg in Resources */,
				50EF62A217ECD613001EB2F8 /* Icon-29.png in Resources */,
				50EF629617ECD46A001EB2F8 /* Icon-40.png in Resources */,
				5087E78217EB970100C73F5D /* Icon-144.png in Resources */,
				E3CB5EC31BC97B39005123B8 /* SystemInfo.plist in Resources */,
				50EF629817ECD46A001EB2F8 /* Icon-80.png in Resources */,
				E3CB5EBC1BC97B39005123B8 /* 06.jpg in Resources */,
				5087E78417EB970100C73F5D /* Icon-57.png in Resources */,
				5087E77E17EB970100C73F5D /* Default.png in Resources */,
				521A8E6419F0C34300D177D7 /* Default-667h@2x.png in Resources */,
				E3CB5EBE1BC97B39005123B8 /* CloseNormal.png in Resources */,
				50EF629717ECD46A001EB2F8 /* Icon-58.png in Resources */,
				686C4C598BE2D33D72717162 /* res in Resources */,
			);
			runOnlyForDeploymentPostprocessing = 0;
		};
		5087E74817EB910900C73F5D /* Resources */ = {
			isa = PBXResourcesBuildPhase;
			buildActionMask = 2147483647;
			files = (
				503AE0F817EB97AB00D1A890 /* Icon.icns in Resources */,
				ECCA4FDDA67B1D94F5543B74 /* res in Resources */,
			);
			runOnlyForDeploymentPostprocessing = 0;
		};
/* End PBXResourcesBuildPhase section */

/* Begin PBXSourcesBuildPhase section */
		1D60588E0D05DD3D006BFB54 /* Sources */ = {
			isa = PBXSourcesBuildPhase;
			buildActionMask = 2147483647;
			files = (
				E312DDA81C4875BC0062A35A /* protagonistListener.cpp in Sources */,
				E30AC8BB1BD984AC005B8686 /* moveListener.cpp in Sources */,
				E3CB5E8D1BC9753A005123B8 /* SystemPo.swift in Sources */,
				0454C4F51C1AA94E001EC9F7 /* CoverView.cpp in Sources */,
				E349DB0F1C4C67DA00DF7E66 /* JailerListener.cpp in Sources */,
				E30AC8AF1BD92F8A005B8686 /* Sprite_mouse.cpp in Sources */,
				E3CB5E771BC9753A005123B8 /* Data_FigureInfo.swift in Sources */,
				E347D4251C1C0AE4009ECC95 /* TimeLinePo.swift in Sources */,
				E3CB5E7B1BC9753A005123B8 /* OC_callSystemInfo.mm in Sources */,
				E35AFADF1CB644A100D2BCE4 /* Constant_Game.cpp in Sources */,
				E30AC8BE1BD98B94005B8686 /* ContactManager.cpp in Sources */,
				E3CB5E8A1BC9753A005123B8 /* OC_callGameInfo.mm in Sources */,
				E30AC8B81BD9329B005B8686 /* Sprite_wall.cpp in Sources */,
				E3CB5E7F1BC9753A005123B8 /* Data_GameInfo.swift in Sources */,
				E3CB5E8B1BC9753A005123B8 /* SelectScene_ALL.cpp in Sources */,
				E301E4DF1C1AA5D00094884D /* gameLoad.cpp in Sources */,
				503AE10017EB989F00D1A890 /* AppController.mm in Sources */,
				E347EA9A1C19EA8A0096BC5E /* SelectScene_Detail.cpp in Sources */,
				E3CB5E7A1BC9753A005123B8 /* initDocuments.swift in Sources */,
				E34E6FBD1CB80A5E0026E129 /* MenuManager.cpp in Sources */,
				E3463CCA1C1D148A003057AA /* SchedulerManager.cpp in Sources */,
				E3CB5E831BC9753A005123B8 /* FigureVo.cpp in Sources */,
				E30AC89E1BD5AADB005B8686 /* Constant_Use.cpp in Sources */,
				E3CB5E791BC9753A005123B8 /* StartScene.cpp in Sources */,
				E3CB5E8E1BC9753A005123B8 /* SystemVo.cpp in Sources */,
				E30E77811BCAD7DE0053F4B1 /* CacheData.cpp in Sources */,
				E3CB5E7C1BC9753A005123B8 /* ShopScene.cpp in Sources */,
				049178E21BDBDBB2004AAF5C /* Section.cpp in Sources */,
				E348B54C1C64823F004200F8 /* pauseScene.cpp in Sources */,
				E3CB5E761BC9753A005123B8 /* Constant.cpp in Sources */,
				E3CB5E7D1BC9753A005123B8 /* AppDelegate.cpp in Sources */,
				E3CB5E871BC9753A005123B8 /* GameVo.cpp in Sources */,
				E30AC8AC1BD92CDF005B8686 /* Sprite_protagonist.cpp in Sources */,
				503AE10217EB989F00D1A890 /* RootViewController.mm in Sources */,
				E3CB5E801BC9753A005123B8 /* Data_SystemInfo.swift in Sources */,
				E3CB5E781BC9753A005123B8 /* GameCommonScene.cpp in Sources */,
				E369982E1C0C24AA007BB3C8 /* LockofSelect.cpp in Sources */,
				E3CB5E821BC9753A005123B8 /* FigurePo.swift in Sources */,
				E30AC8B51BD93281005B8686 /* Sprite_coin.cpp in Sources */,
				503AE10117EB989F00D1A890 /* main.m in Sources */,
				E3CB5E861BC9753A005123B8 /* GamePo.swift in Sources */,
				04BA48D01C3A8A220078D849 /* PEShapeCache.cpp in Sources */,
				E347D4281C1C45E2009ECC95 /* TimeLineVo.cpp in Sources */,
				E3910A221C27AEA6008F65A6 /* Special_Section.cpp in Sources */,
				E3CB5E891BC9753A005123B8 /* OC_callFigureInfo.mm in Sources */,
				E30AC8A81BD835AD005B8686 /* MyScene.cpp in Sources */,
				E349DB121C4C731000DF7E66 /* WallListener.cpp in Sources */,
				E3CB5E8C1BC9753A005123B8 /* aboutScene.cpp in Sources */,
				E30AC8B21BD930FE005B8686 /* Sprite_jailer.cpp in Sources */,
			);
			runOnlyForDeploymentPostprocessing = 0;
		};
		5087E75617EB910900C73F5D /* Sources */ = {
			isa = PBXSourcesBuildPhase;
			buildActionMask = 2147483647;
			files = (
				503AE10517EB98FF00D1A890 /* main.cpp in Sources */,
			);
			runOnlyForDeploymentPostprocessing = 0;
		};
/* End PBXSourcesBuildPhase section */

/* Begin XCBuildConfiguration section */
		1D6058940D05DD3E006BFB54 /* Debug */ = {
			isa = XCBuildConfiguration;
			buildSettings = {
				ALWAYS_SEARCH_USER_PATHS = YES;
				CLANG_ENABLE_MODULES = YES;
				CODE_SIGN_IDENTITY = "iPhone Developer";
				COMPRESS_PNG_FILES = NO;
				ENABLE_BITCODE = NO;
				GCC_DYNAMIC_NO_PIC = NO;
				GCC_INLINES_ARE_PRIVATE_EXTERN = NO;
				GCC_INPUT_FILETYPE = automatic;
				GCC_PRECOMPILE_PREFIX_HEADER = YES;
				GCC_PREFIX_HEADER = ios/Prefix.pch;
				GCC_PREPROCESSOR_DEFINITIONS = (
					USE_FILE32API,
					CC_TARGET_OS_IPHONE,
					"COCOS2D_DEBUG=1",
					"CC_ENABLE_CHIPMUNK_INTEGRATION=1",
				);
				GCC_SYMBOLS_PRIVATE_EXTERN = NO;
				HEADER_SEARCH_PATHS = (
					"$(inherited)",
					"/Applications/Cocos/frameworks/cocos2d-x-3.8/cocos/platform/ios",
					"/Applications/Cocos/frameworks/cocos2d-x-3.8/cocos/platform/ios/Simulation",
				);
				INFOPLIST_FILE = ios/Info.plist;
				IPHONEOS_DEPLOYMENT_TARGET = 7.0;
				LD_RUNPATH_SEARCH_PATHS = "$(inherited) @executable_path/Frameworks";
				LIBRARY_SEARCH_PATHS = " /Applications/Cocos/frameworks/cocos2d-x-3.8/prebuilt/ios";
				OTHER_LDFLAGS = " $(_COCOS_LIB_IOS_END)";
				PRODUCT_MODULE_NAME = PrisonBreak_mobile;
				PRODUCT_NAME = PrisonBreak_mobile;
				SDKROOT = iphoneos;
				SWIFT_OBJC_BRIDGING_HEADER = "../Classes/PrisonBreak_v1.1-mobile-Bridging-Header.h";
				SWIFT_OPTIMIZATION_LEVEL = "-Onone";
				TARGETED_DEVICE_FAMILY = "1,2";
				USER_HEADER_SEARCH_PATHS = "$(_COCOS_HEADER_IOS_BEGIN) $(_COCOS_HEADER_IOS_END)";
				VALID_ARCHS = "arm64 armv7";
			};
			name = Debug;
		};
		1D6058950D05DD3E006BFB54 /* Release */ = {
			isa = XCBuildConfiguration;
			buildSettings = {
				ALWAYS_SEARCH_USER_PATHS = YES;
				CLANG_ENABLE_MODULES = YES;
				CODE_SIGN_IDENTITY = "iPhone Developer";
				COMPRESS_PNG_FILES = NO;
				ENABLE_BITCODE = NO;
				GCC_INLINES_ARE_PRIVATE_EXTERN = NO;
				GCC_INPUT_FILETYPE = automatic;
				GCC_PRECOMPILE_PREFIX_HEADER = YES;
				GCC_PREFIX_HEADER = ios/Prefix.pch;
				GCC_PREPROCESSOR_DEFINITIONS = (
					USE_FILE32API,
					CC_TARGET_OS_IPHONE,
					"CC_ENABLE_CHIPMUNK_INTEGRATION=1",
				);
				GCC_SYMBOLS_PRIVATE_EXTERN = NO;
				HEADER_SEARCH_PATHS = (
					"$(inherited)",
					"/Applications/Cocos/frameworks/cocos2d-x-3.8/cocos/platform/ios",
					"/Applications/Cocos/frameworks/cocos2d-x-3.8/cocos/platform/ios/Simulation",
				);
				INFOPLIST_FILE = ios/Info.plist;
				IPHONEOS_DEPLOYMENT_TARGET = 7.0;
				LD_RUNPATH_SEARCH_PATHS = "$(inherited) @executable_path/Frameworks";
				LIBRARY_SEARCH_PATHS = " /Applications/Cocos/frameworks/cocos2d-x-3.8/prebuilt/ios";
				OTHER_LDFLAGS = " $(_COCOS_LIB_IOS_END)";
				PRODUCT_MODULE_NAME = PrisonBreak_mobile;
				PRODUCT_NAME = PrisonBreak_mobile;
				SDKROOT = iphoneos;
				SWIFT_OBJC_BRIDGING_HEADER = "../Classes/PrisonBreak_v1.1-mobile-Bridging-Header.h";
				TARGETED_DEVICE_FAMILY = "1,2";
				USER_HEADER_SEARCH_PATHS = "$(_COCOS_HEADER_IOS_BEGIN) $(_COCOS_HEADER_IOS_END)";
				VALID_ARCHS = "arm64 armv7";
			};
			name = Release;
		};
		5087E76D17EB910900C73F5D /* Debug */ = {
			isa = XCBuildConfiguration;
			buildSettings = {
				ALWAYS_SEARCH_USER_PATHS = YES;
				ARCHS = "$(ARCHS_STANDARD_64_BIT)";
				CLANG_CXX_LANGUAGE_STANDARD = "c++0x";
				CLANG_CXX_LIBRARY = "libc++";
				GCC_DYNAMIC_NO_PIC = NO;
				GCC_INLINES_ARE_PRIVATE_EXTERN = NO;
				GCC_PRECOMPILE_PREFIX_HEADER = YES;
				GCC_PREFIX_HEADER = mac/Prefix.pch;
				GCC_PREPROCESSOR_DEFINITIONS = (
					USE_FILE32API,
					CC_TARGET_OS_MAC,
					"COCOS2D_DEBUG=1",
					"CC_ENABLE_CHIPMUNK_INTEGRATION=1",
				);
				GCC_SYMBOLS_PRIVATE_EXTERN = NO;
				HEADER_SEARCH_PATHS = (
					"$(inherited)",
					"/Applications/Cocos/frameworks/cocos2d-x-3.8/cocos/platform/mac",
					"/Applications/Cocos/frameworks/cocos2d-x-3.8/external/glfw3/include/mac",
				);
				INFOPLIST_FILE = mac/Info.plist;
				LIBRARY_SEARCH_PATHS = " /Applications/Cocos/frameworks/cocos2d-x-3.8/prebuilt/mac";
				OTHER_LDFLAGS = (
					"$(_COCOS_LIB_MAC_BEGIN)",
					"$(_COCOS_LIB_MAC_END)",
				);
				USER_HEADER_SEARCH_PATHS = "$(_COCOS_HEADER_MAC_BEGIN) $(_COCOS_HEADER_MAC_END)";
			};
			name = Debug;
		};
		5087E76E17EB910900C73F5D /* Release */ = {
			isa = XCBuildConfiguration;
			buildSettings = {
				ALWAYS_SEARCH_USER_PATHS = YES;
				ARCHS = "$(ARCHS_STANDARD_64_BIT)";
				CLANG_CXX_LANGUAGE_STANDARD = "c++0x";
				CLANG_CXX_LIBRARY = "libc++";
				GCC_INLINES_ARE_PRIVATE_EXTERN = NO;
				GCC_PRECOMPILE_PREFIX_HEADER = YES;
				GCC_PREFIX_HEADER = mac/Prefix.pch;
				GCC_PREPROCESSOR_DEFINITIONS = (
					USE_FILE32API,
					CC_TARGET_OS_MAC,
					"CC_ENABLE_CHIPMUNK_INTEGRATION=1",
				);
				GCC_SYMBOLS_PRIVATE_EXTERN = NO;
				HEADER_SEARCH_PATHS = (
					"$(inherited)",
					"/Applications/Cocos/frameworks/cocos2d-x-3.8/cocos/platform/mac",
					"/Applications/Cocos/frameworks/cocos2d-x-3.8/external/glfw3/include/mac",
				);
				INFOPLIST_FILE = mac/Info.plist;
				LIBRARY_SEARCH_PATHS = " /Applications/Cocos/frameworks/cocos2d-x-3.8/prebuilt/mac";
				OTHER_LDFLAGS = (
					"$(_COCOS_LIB_MAC_BEGIN)",
					"$(_COCOS_LIB_MAC_END)",
				);
				USER_HEADER_SEARCH_PATHS = "$(_COCOS_HEADER_MAC_BEGIN) $(_COCOS_HEADER_MAC_END)";
			};
			name = Release;
		};
		C01FCF4F08A954540054247B /* Debug */ = {
			isa = XCBuildConfiguration;
			buildSettings = {
				CLANG_CXX_LANGUAGE_STANDARD = "c++0x";
				CLANG_CXX_LIBRARY = "libc++";
				COPY_PHASE_STRIP = NO;
				GCC_OPTIMIZATION_LEVEL = 0;
				GCC_WARN_ABOUT_RETURN_TYPE = YES;
				GCC_WARN_UNUSED_VARIABLE = YES;
				HEADER_SEARCH_PATHS = (
					"/Applications/Cocos/frameworks/cocos2d-x-3.8",
					"/Applications/Cocos/frameworks/cocos2d-x-3.8/cocos",
					"/Applications/Cocos/frameworks/cocos2d-x-3.8/cocos/base",
					"/Applications/Cocos/frameworks/cocos2d-x-3.8/cocos/physics",
					"/Applications/Cocos/frameworks/cocos2d-x-3.8/cocos/math",
					"/Applications/Cocos/frameworks/cocos2d-x-3.8/cocos/2d",
					"/Applications/Cocos/frameworks/cocos2d-x-3.8/cocos/ui",
					"/Applications/Cocos/frameworks/cocos2d-x-3.8/cocos/network",
					"/Applications/Cocos/frameworks/cocos2d-x-3.8/cocos/audio/include",
					"/Applications/Cocos/frameworks/cocos2d-x-3.8/cocos/editor-support",
					"/Applications/Cocos/frameworks/cocos2d-x-3.8/extensions",
					"/Applications/Cocos/frameworks/cocos2d-x-3.8/external",
					"/Applications/Cocos/frameworks/cocos2d-x-3.8/external/chipmunk/include/chipmunk",
				);
				MACOSX_DEPLOYMENT_TARGET = 10.7;
				ONLY_ACTIVE_ARCH = YES;
				PRODUCT_NAME = "$(TARGET_NAME)";
				SDKROOT = macosx;
			};
			name = Debug;
		};
		C01FCF5008A954540054247B /* Release */ = {
			isa = XCBuildConfiguration;
			buildSettings = {
				CLANG_CXX_LANGUAGE_STANDARD = "c++0x";
				CLANG_CXX_LIBRARY = "libc++";
				GCC_WARN_ABOUT_RETURN_TYPE = YES;
				GCC_WARN_UNUSED_VARIABLE = YES;
				HEADER_SEARCH_PATHS = (
					"/Applications/Cocos/frameworks/cocos2d-x-3.8",
					"/Applications/Cocos/frameworks/cocos2d-x-3.8/cocos",
					"/Applications/Cocos/frameworks/cocos2d-x-3.8/cocos/base",
					"/Applications/Cocos/frameworks/cocos2d-x-3.8/cocos/physics",
					"/Applications/Cocos/frameworks/cocos2d-x-3.8/cocos/math",
					"/Applications/Cocos/frameworks/cocos2d-x-3.8/cocos/2d",
					"/Applications/Cocos/frameworks/cocos2d-x-3.8/cocos/ui",
					"/Applications/Cocos/frameworks/cocos2d-x-3.8/cocos/network",
					"/Applications/Cocos/frameworks/cocos2d-x-3.8/cocos/audio/include",
					"/Applications/Cocos/frameworks/cocos2d-x-3.8/cocos/editor-support",
					"/Applications/Cocos/frameworks/cocos2d-x-3.8/extensions",
					"/Applications/Cocos/frameworks/cocos2d-x-3.8/external",
					"/Applications/Cocos/frameworks/cocos2d-x-3.8/external/chipmunk/include/chipmunk",
				);
				MACOSX_DEPLOYMENT_TARGET = 10.7;
				OTHER_CFLAGS = "-DNS_BLOCK_ASSERTIONS=1";
				PRODUCT_NAME = "$(TARGET_NAME)";
				SDKROOT = macosx;
				VALIDATE_PRODUCT = YES;
			};
			name = Release;
		};
/* End XCBuildConfiguration section */

/* Begin XCConfigurationList section */
		1D6058960D05DD3E006BFB54 /* Build configuration list for PBXNativeTarget "PrisonBreak_v1.1-mobile" */ = {
			isa = XCConfigurationList;
			buildConfigurations = (
				1D6058940D05DD3E006BFB54 /* Debug */,
				1D6058950D05DD3E006BFB54 /* Release */,
			);
			defaultConfigurationIsVisible = 0;
			defaultConfigurationName = Debug;
		};
		5087E76C17EB910900C73F5D /* Build configuration list for PBXNativeTarget "PrisonBreak_v1.1-desktop" */ = {
			isa = XCConfigurationList;
			buildConfigurations = (
				5087E76D17EB910900C73F5D /* Debug */,
				5087E76E17EB910900C73F5D /* Release */,
			);
			defaultConfigurationIsVisible = 0;
			defaultConfigurationName = Debug;
		};
		C01FCF4E08A954540054247B /* Build configuration list for PBXProject "PrisonBreak_v1.1" */ = {
			isa = XCConfigurationList;
			buildConfigurations = (
				C01FCF4F08A954540054247B /* Debug */,
				C01FCF5008A954540054247B /* Release */,
			);
			defaultConfigurationIsVisible = 0;
			defaultConfigurationName = Debug;
		};
/* End XCConfigurationList section */
	};
	rootObject = 29B97313FDCFA39411CA2CEA /* Project object */;
}
